// !$*UTF8*$!
{
	archiveVersion = 1;
	classes = {
	};
	objectVersion = 55;
	objects = {

/* Begin PBXBuildFile section */
		6C73045D28525F9E00D0E337 /* __PinchApp.swift in Sources */ = {isa = PBXBuildFile; fileRef = 6C73045C28525F9E00D0E337 /* __PinchApp.swift */; };
		6C73045F28525F9E00D0E337 /* ContentView.swift in Sources */ = {isa = PBXBuildFile; fileRef = 6C73045E28525F9E00D0E337 /* ContentView.swift */; };
		6C73046128525FA000D0E337 /* Assets.xcassets in Resources */ = {isa = PBXBuildFile; fileRef = 6C73046028525FA000D0E337 /* Assets.xcassets */; };
		6C73046428525FA000D0E337 /* Preview Assets.xcassets in Resources */ = {isa = PBXBuildFile; fileRef = 6C73046328525FA000D0E337 /* Preview Assets.xcassets */; };
		6CC22C952853B49F004305F4 /* InfoPanelView.swift in Sources */ = {isa = PBXBuildFile; fileRef = 6CC22C942853B49F004305F4 /* InfoPanelView.swift */; };
		6CC22C972853BA7C004305F4 /* ControlImageView.swift in Sources */ = {isa = PBXBuildFile; fileRef = 6CC22C962853BA7C004305F4 /* ControlImageView.swift */; };
		6CC22C992853CD72004305F4 /* PageData.swift in Sources */ = {isa = PBXBuildFile; fileRef = 6CC22C982853CD72004305F4 /* PageData.swift */; };
		6CC22C9B2853CD8E004305F4 /* PageModel.swift in Sources */ = {isa = PBXBuildFile; fileRef = 6CC22C9A2853CD8E004305F4 /* PageModel.swift */; };
/* End PBXBuildFile section */

/* Begin PBXFileReference section */
		6C73045928525F9E00D0E337 /* 3.Pinch.app */ = {isa = PBXFileReference; explicitFileType = wrapper.application; includeInIndex = 0; path = 3.Pinch.app; sourceTree = BUILT_PRODUCTS_DIR; };
		6C73045C28525F9E00D0E337 /* __PinchApp.swift */ = {isa = PBXFileReference; lastKnownFileType = sourcecode.swift; path = __PinchApp.swift; sourceTree = "<group>"; };
		6C73045E28525F9E00D0E337 /* ContentView.swift */ = {isa = PBXFileReference; lastKnownFileType = sourcecode.swift; path = ContentView.swift; sourceTree = "<group>"; };
		6C73046028525FA000D0E337 /* Assets.xcassets */ = {isa = PBXFileReference; lastKnownFileType = folder.assetcatalog; path = Assets.xcassets; sourceTree = "<group>"; };
		6C73046328525FA000D0E337 /* Preview Assets.xcassets */ = {isa = PBXFileReference; lastKnownFileType = folder.assetcatalog; path = "Preview Assets.xcassets"; sourceTree = "<group>"; };
		6CC22C942853B49F004305F4 /* InfoPanelView.swift */ = {isa = PBXFileReference; lastKnownFileType = sourcecode.swift; path = InfoPanelView.swift; sourceTree = "<group>"; };
		6CC22C962853BA7C004305F4 /* ControlImageView.swift */ = {isa = PBXFileReference; lastKnownFileType = sourcecode.swift; path = ControlImageView.swift; sourceTree = "<group>"; };
		6CC22C982853CD72004305F4 /* PageData.swift */ = {isa = PBXFileReference; lastKnownFileType = sourcecode.swift; path = PageData.swift; sourceTree = "<group>"; };
		6CC22C9A2853CD8E004305F4 /* PageModel.swift */ = {isa = PBXFileReference; lastKnownFileType = sourcecode.swift; path = PageModel.swift; sourceTree = "<group>"; };
/* End PBXFileReference section */

/* Begin PBXFrameworksBuildPhase section */
		6C73045628525F9E00D0E337 /* Frameworks */ = {
			isa = PBXFrameworksBuildPhase;
			buildActionMask = 2147483647;
			files = (
			);
			runOnlyForDeploymentPostprocessing = 0;
		};
/* End PBXFrameworksBuildPhase section */

/* Begin PBXGroup section */
		6C73045028525F9E00D0E337 = {
			isa = PBXGroup;
			children = (
				6C73045B28525F9E00D0E337 /* 3.Pinch */,
				6C73045A28525F9E00D0E337 /* Products */,
			);
			sourceTree = "<group>";
		};
		6C73045A28525F9E00D0E337 /* Products */ = {
			isa = PBXGroup;
			children = (
				6C73045928525F9E00D0E337 /* 3.Pinch.app */,
			);
			name = Products;
			sourceTree = "<group>";
		};
		6C73045B28525F9E00D0E337 /* 3.Pinch */ = {
			isa = PBXGroup;
			children = (
				6C73045C28525F9E00D0E337 /* __PinchApp.swift */,
				6C73046C2852617900D0E337 /* Model */,
				6C73046D2852618300D0E337 /* Data */,
				6C73046B2852616E00D0E337 /* View */,
				6C73046A2852615F00D0E337 /* Screen */,
				6C73046028525FA000D0E337 /* Assets.xcassets */,
				6C73046228525FA000D0E337 /* Preview Content */,
			);
			path = 3.Pinch;
			sourceTree = "<group>";
		};
		6C73046228525FA000D0E337 /* Preview Content */ = {
			isa = PBXGroup;
			children = (
				6C73046328525FA000D0E337 /* Preview Assets.xcassets */,
			);
			path = "Preview Content";
			sourceTree = "<group>";
		};
		6C73046A2852615F00D0E337 /* Screen */ = {
			isa = PBXGroup;
			children = (
				6C73045E28525F9E00D0E337 /* ContentView.swift */,
			);
			path = Screen;
			sourceTree = "<group>";
		};
		6C73046B2852616E00D0E337 /* View */ = {
			isa = PBXGroup;
			children = (
				6CC22C942853B49F004305F4 /* InfoPanelView.swift */,
				6CC22C962853BA7C004305F4 /* ControlImageView.swift */,
			);
			path = View;
			sourceTree = "<group>";
		};
		6C73046C2852617900D0E337 /* Model */ = {
			isa = PBXGroup;
			children = (
				6CC22C9A2853CD8E004305F4 /* PageModel.swift */,
			);
			path = Model;
			sourceTree = "<group>";
		};
		6C73046D2852618300D0E337 /* Data */ = {
			isa = PBXGroup;
			children = (
				6CC22C982853CD72004305F4 /* PageData.swift */,
			);
			path = Data;
			sourceTree = "<group>";
		};
/* End PBXGroup section */

/* Begin PBXNativeTarget section */
		6C73045828525F9E00D0E337 /* 3.Pinch */ = {
			isa = PBXNativeTarget;
			buildConfigurationList = 6C73046728525FA000D0E337 /* Build configuration list for PBXNativeTarget "3.Pinch" */;
			buildPhases = (
				6C73045528525F9E00D0E337 /* Sources */,
				6C73045628525F9E00D0E337 /* Frameworks */,
				6C73045728525F9E00D0E337 /* Resources */,
			);
			buildRules = (
			);
			dependencies = (
			);
			name = 3.Pinch;
			productName = 3.Pinch;
			productReference = 6C73045928525F9E00D0E337 /* 3.Pinch.app */;
			productType = "com.apple.product-type.application";
		};
/* End PBXNativeTarget section */

/* Begin PBXProject section */
		6C73045128525F9E00D0E337 /* Project object */ = {
			isa = PBXProject;
			attributes = {
				BuildIndependentTargetsInParallel = 1;
				LastSwiftUpdateCheck = 1340;
				LastUpgradeCheck = 1340;
				TargetAttributes = {
					6C73045828525F9E00D0E337 = {
						CreatedOnToolsVersion = 13.4.1;
					};
				};
			};
			buildConfigurationList = 6C73045428525F9E00D0E337 /* Build configuration list for PBXProject "3.Pinch" */;
			compatibilityVersion = "Xcode 13.0";
			developmentRegion = en;
			hasScannedForEncodings = 0;
			knownRegions = (
				en,
				Base,
			);
			mainGroup = 6C73045028525F9E00D0E337;
			productRefGroup = 6C73045A28525F9E00D0E337 /* Products */;
			projectDirPath = "";
			projectRoot = "";
			targets = (
				6C73045828525F9E00D0E337 /* 3.Pinch */,
			);
		};
/* End PBXProject section */

/* Begin PBXResourcesBuildPhase section */
		6C73045728525F9E00D0E337 /* Resources */ = {
			isa = PBXResourcesBuildPhase;
			buildActionMask = 2147483647;
			files = (
				6C73046428525FA000D0E337 /* Preview Assets.xcassets in Resources */,
				6C73046128525FA000D0E337 /* Assets.xcassets in Resources */,
			);
			runOnlyForDeploymentPostprocessing = 0;
		};
/* End PBXResourcesBuildPhase section */

/* Begin PBXSourcesBuildPhase section */
		6C73045528525F9E00D0E337 /* Sources */ = {
			isa = PBXSourcesBuildPhase;
			buildActionMask = 2147483647;
			files = (
				6CC22C972853BA7C004305F4 /* ControlImageView.swift in Sources */,
				6C73045F28525F9E00D0E337 /* ContentView.swift in Sources */,
				6CC22C992853CD72004305F4 /* PageData.swift in Sources */,
				6C73045D28525F9E00D0E337 /* __PinchApp.swift in Sources */,
				6CC22C9B2853CD8E004305F4 /* PageModel.swift in Sources */,
				6CC22C952853B49F004305F4 /* InfoPanelView.swift in Sources */,
			);
			runOnlyForDeploymentPostprocessing = 0;
		};
/* End PBXSourcesBuildPhase section */

/* Begin XCBuildConfiguration section */
		6C73046528525FA000D0E337 /* Debug */ = {
			isa = XCBuildConfiguration;
			buildSettings = {
				ALWAYS_SEARCH_USER_PATHS = NO;
				CLANG_ANALYZER_NONNULL = YES;
				CLANG_ANALYZER_NUMBER_OBJECT_CONVERSION = YES_AGGRESSIVE;
				CLANG_CXX_LANGUAGE_STANDARD = "gnu++17";
				CLANG_ENABLE_MODULES = YES;
				CLANG_ENABLE_OBJC_ARC = YES;
				CLANG_ENABLE_OBJC_WEAK = YES;
				CLANG_WARN_BLOCK_CAPTURE_AUTORELEASING = YES;
				CLANG_WARN_BOOL_CONVERSION = YES;
				CLANG_WARN_COMMA = YES;
				CLANG_WARN_CONSTANT_CONVERSION = YES;
				CLANG_WARN_DEPRECATED_OBJC_IMPLEMENTATIONS = YES;
				CLANG_WARN_DIRECT_OBJC_ISA_USAGE = YES_ERROR;
				CLANG_WARN_DOCUMENTATION_COMMENTS = YES;
				CLANG_WARN_EMPTY_BODY = YES;
				CLANG_WARN_ENUM_CONVERSION = YES;
				CLANG_WARN_INFINITE_RECURSION = YES;
				CLANG_WARN_INT_CONVERSION = YES;
				CLANG_WARN_NON_LITERAL_NULL_CONVERSION = YES;
				CLANG_WARN_OBJC_IMPLICIT_RETAIN_SELF = YES;
				CLANG_WARN_OBJC_LITERAL_CONVERSION = YES;
				CLANG_WARN_OBJC_ROOT_CLASS = YES_ERROR;
				CLANG_WARN_QUOTED_INCLUDE_IN_FRAMEWORK_HEADER = YES;
				CLANG_WARN_RANGE_LOOP_ANALYSIS = YES;
				CLANG_WARN_STRICT_PROTOTYPES = YES;
				CLANG_WARN_SUSPICIOUS_MOVE = YES;
				CLANG_WARN_UNGUARDED_AVAILABILITY = YES_AGGRESSIVE;
				CLANG_WARN_UNREACHABLE_CODE = YES;
				CLANG_WARN__DUPLICATE_METHOD_MATCH = YES;
				COPY_PHASE_STRIP = NO;
				DEBUG_INFORMATION_FORMAT = dwarf;
				ENABLE_STRICT_OBJC_MSGSEND = YES;
				ENABLE_TESTABILITY = YES;
				GCC_C_LANGUAGE_STANDARD = gnu11;
				GCC_DYNAMIC_NO_PIC = NO;
				GCC_NO_COMMON_BLOCKS = YES;
				GCC_OPTIMIZATION_LEVEL = 0;
				GCC_PREPROCESSOR_DEFINITIONS = (
					"DEBUG=1",
					"$(inherited)",
				);
				GCC_WARN_64_TO_32_BIT_CONVERSION = YES;
				GCC_WARN_ABOUT_RETURN_TYPE = YES_ERROR;
				GCC_WARN_UNDECLARED_SELECTOR = YES;
				GCC_WARN_UNINITIALIZED_AUTOS = YES_AGGRESSIVE;
				GCC_WARN_UNUSED_FUNCTION = YES;
				GCC_WARN_UNUSED_VARIABLE = YES;
				IPHONEOS_DEPLOYMENT_TARGET = 15.5;
				MTL_ENABLE_DEBUG_INFO = INCLUDE_SOURCE;
				MTL_FAST_MATH = YES;
				ONLY_ACTIVE_ARCH = YES;
				SDKROOT = iphoneos;
				SWIFT_ACTIVE_COMPILATION_CONDITIONS = DEBUG;
				SWIFT_OPTIMIZATION_LEVEL = "-Onone";
			};
			name = Debug;
		};
		6C73046628525FA000D0E337 /* Release */ = {
			isa = XCBuildConfiguration;
			buildSettings = {
				ALWAYS_SEARCH_USER_PATHS = NO;
				CLANG_ANALYZER_NONNULL = YES;
				CLANG_ANALYZER_NUMBER_OBJECT_CONVERSION = YES_AGGRESSIVE;
				CLANG_CXX_LANGUAGE_STANDARD = "gnu++17";
				CLANG_ENABLE_MODULES = YES;
				CLANG_ENABLE_OBJC_ARC = YES;
				CLANG_ENABLE_OBJC_WEAK = YES;
				CLANG_WARN_BLOCK_CAPTURE_AUTORELEASING = YES;
				CLANG_WARN_BOOL_CONVERSION = YES;
				CLANG_WARN_COMMA = YES;
				CLANG_WARN_CONSTANT_CONVERSION = YES;
				CLANG_WARN_DEPRECATED_OBJC_IMPLEMENTATIONS = YES;
				CLANG_WARN_DIRECT_OBJC_ISA_USAGE = YES_ERROR;
				CLANG_WARN_DOCUMENTATION_COMMENTS = YES;
				CLANG_WARN_EMPTY_BODY = YES;
				CLANG_WARN_ENUM_CONVERSION = YES;
				CLANG_WARN_INFINITE_RECURSION = YES;
				CLANG_WARN_INT_CONVERSION = YES;
				CLANG_WARN_NON_LITERAL_NULL_CONVERSION = YES;
				CLANG_WARN_OBJC_IMPLICIT_RETAIN_SELF = YES;
				CLANG_WARN_OBJC_LITERAL_CONVERSION = YES;
				CLANG_WARN_OBJC_ROOT_CLASS = YES_ERROR;
				CLANG_WARN_QUOTED_INCLUDE_IN_FRAMEWORK_HEADER = YES;
				CLANG_WARN_RANGE_LOOP_ANALYSIS = YES;
				CLANG_WARN_STRICT_PROTOTYPES = YES;
				CLANG_WARN_SUSPICIOUS_MOVE = YES;
				CLANG_WARN_UNGUARDED_AVAILABILITY = YES_AGGRESSIVE;
				CLANG_WARN_UNREACHABLE_CODE = YES;
				CLANG_WARN__DUPLICATE_METHOD_MATCH = YES;
				COPY_PHASE_STRIP = NO;
				DEBUG_INFORMATION_FORMAT = "dwarf-with-dsym";
				ENABLE_NS_ASSERTIONS = NO;
				ENABLE_STRICT_OBJC_MSGSEND = YES;
				GCC_C_LANGUAGE_STANDARD = gnu11;
				GCC_NO_COMMON_BLOCKS = YES;
				GCC_WARN_64_TO_32_BIT_CONVERSION = YES;
				GCC_WARN_ABOUT_RETURN_TYPE = YES_ERROR;
				GCC_WARN_UNDECLARED_SELECTOR = YES;
				GCC_WARN_UNINITIALIZED_AUTOS = YES_AGGRESSIVE;
				GCC_WARN_UNUSED_FUNCTION = YES;
				GCC_WARN_UNUSED_VARIABLE = YES;
				IPHONEOS_DEPLOYMENT_TARGET = 15.5;
				MTL_ENABLE_DEBUG_INFO = NO;
				MTL_FAST_MATH = YES;
				SDKROOT = iphoneos;
				SWIFT_COMPILATION_MODE = wholemodule;
				SWIFT_OPTIMIZATION_LEVEL = "-O";
				VALIDATE_PRODUCT = YES;
			};
			name = Release;
		};
		6C73046828525FA000D0E337 /* Debug */ = {
			isa = XCBuildConfiguration;
			buildSettings = {
				ASSETCATALOG_COMPILER_APPICON_NAME = AppIcon;
				ASSETCATALOG_COMPILER_GLOBAL_ACCENT_COLOR_NAME = AccentColor;
				CODE_SIGN_STYLE = Automatic;
				CURRENT_PROJECT_VERSION = 1;
				DEVELOPMENT_ASSET_PATHS = "\"3.Pinch/Preview Content\"";
				DEVELOPMENT_TEAM = A89YPB44C2;
				ENABLE_PREVIEWS = YES;
				GENERATE_INFOPLIST_FILE = YES;
				INFOPLIST_KEY_UIApplicationSceneManifest_Generation = YES;
				INFOPLIST_KEY_UIApplicationSupportsIndirectInputEvents = YES;
				INFOPLIST_KEY_UILaunchScreen_Generation = YES;
				INFOPLIST_KEY_UISupportedInterfaceOrientations = UIInterfaceOrientationPortrait;
				INFOPLIST_KEY_UISupportedInterfaceOrientations_iPad = "UIInterfaceOrientationPortrait UIInterfaceOrientationPortraitUpsideDown UIInterfaceOrientationLandscapeLeft UIInterfaceOrientationLandscapeRight";
				INFOPLIST_KEY_UISupportedInterfaceOrientations_iPhone = UIInterfaceOrientationPortrait;
				LD_RUNPATH_SEARCH_PATHS = (
					"$(inherited)",
					"@executable_path/Frameworks",
				);
				MARKETING_VERSION = 1.0;
				PRODUCT_BUNDLE_IDENTIFIER = "com.teste.--Pinch";
				PRODUCT_NAME = "$(TARGET_NAME)";
				SWIFT_EMIT_LOC_STRINGS = YES;
				SWIFT_VERSION = 5.0;
				TARGETED_DEVICE_FAMILY = "1,2";
			};
			name = Debug;
		};
		6C73046928525FA000D0E337 /* Release */ = {
			isa = XCBuildConfiguration;
			buildSettings = {
				ASSETCATALOG_COMPILER_APPICON_NAME = AppIcon;
				ASSETCATALOG_COMPILER_GLOBAL_ACCENT_COLOR_NAME = AccentColor;
				CODE_SIGN_STYLE = Automatic;
				CURRENT_PROJECT_VERSION = 1;
				DEVELOPMENT_ASSET_PATHS = "\"3.Pinch/Preview Content\"";
				DEVELOPMENT_TEAM = A89YPB44C2;
				ENABLE_PREVIEWS = YES;
				GENERATE_INFOPLIST_FILE = YES;
				INFOPLIST_KEY_UIApplicationSceneManifest_Generation = YES;
				INFOPLIST_KEY_UIApplicationSupportsIndirectInputEvents = YES;
				INFOPLIST_KEY_UILaunchScreen_Generation = YES;
				INFOPLIST_KEY_UISupportedInterfaceOrientations = UIInterfaceOrientationPortrait;
				INFOPLIST_KEY_UISupportedInterfaceOrientations_iPad = "UIInterfaceOrientationPortrait UIInterfaceOrientationPortraitUpsideDown UIInterfaceOrientationLandscapeLeft UIInterfaceOrientationLandscapeRight";
				INFOPLIST_KEY_UISupportedInterfaceOrientations_iPhone = UIInterfaceOrientationPortrait;
				LD_RUNPATH_SEARCH_PATHS = (
					"$(inherited)",
					"@executable_path/Frameworks",
				);
				MARKETING_VERSION = 1.0;
				PRODUCT_BUNDLE_IDENTIFIER = "com.teste.--Pinch";
				PRODUCT_NAME = "$(TARGET_NAME)";
				SWIFT_EMIT_LOC_STRINGS = YES;
				SWIFT_VERSION = 5.0;
				TARGETED_DEVICE_FAMILY = "1,2";
			};
			name = Release;
		};
/* End XCBuildConfiguration section */

/* Begin XCConfigurationList section */
		6C73045428525F9E00D0E337 /* Build configuration list for PBXProject "3.Pinch" */ = {
			isa = XCConfigurationList;
			buildConfigurations = (
				6C73046528525FA000D0E337 /* Debug */,
				6C73046628525FA000D0E337 /* Release */,
			);
			defaultConfigurationIsVisible = 0;
			defaultConfigurationName = Release;
		};
		6C73046728525FA000D0E337 /* Build configuration list for PBXNativeTarget "3.Pinch" */ = {
			isa = XCConfigurationList;
			buildConfigurations = (
				6C73046828525FA000D0E337 /* Debug */,
				6C73046928525FA000D0E337 /* Release */,
			);
			defaultConfigurationIsVisible = 0;
			defaultConfigurationName = Release;
		};
/* End XCConfigurationList section */
	};
	rootObject = 6C73045128525F9E00D0E337 /* Project object */;
}
