// !$*UTF8*$!
{
	archiveVersion = 1;
	classes = {
	};
	objectVersion = 55;
	objects = {

/* Begin PBXBuildFile section */
		6CA14CE428623AD2008AE025 /* TouchdownApp.swift in Sources */ = {isa = PBXBuildFile; fileRef = 6CA14CE328623AD2008AE025 /* TouchdownApp.swift */; };
		6CA14CE628623AD2008AE025 /* ContentView.swift in Sources */ = {isa = PBXBuildFile; fileRef = 6CA14CE528623AD2008AE025 /* ContentView.swift */; };
		6CA14CE828623AD4008AE025 /* Assets.xcassets in Resources */ = {isa = PBXBuildFile; fileRef = 6CA14CE728623AD4008AE025 /* Assets.xcassets */; };
		6CA14CEB28623AD4008AE025 /* Preview Assets.xcassets in Resources */ = {isa = PBXBuildFile; fileRef = 6CA14CEA28623AD4008AE025 /* Preview Assets.xcassets */; };
		6CA14CF628623B96008AE025 /* category.json in Resources */ = {isa = PBXBuildFile; fileRef = 6CA14CF228623B95008AE025 /* category.json */; };
		6CA14CF728623B96008AE025 /* player.json in Resources */ = {isa = PBXBuildFile; fileRef = 6CA14CF328623B95008AE025 /* player.json */; };
		6CA14CF828623B96008AE025 /* brand.json in Resources */ = {isa = PBXBuildFile; fileRef = 6CA14CF428623B96008AE025 /* brand.json */; };
		6CA14CF928623B96008AE025 /* product.json in Resources */ = {isa = PBXBuildFile; fileRef = 6CA14CF528623B96008AE025 /* product.json */; };
		6CA14D0428623D04008AE025 /* Constant.swift in Sources */ = {isa = PBXBuildFile; fileRef = 6CA14D0328623D04008AE025 /* Constant.swift */; };
		6CA14D0628623EDC008AE025 /* CodableBundleExtension.swift in Sources */ = {isa = PBXBuildFile; fileRef = 6CA14D0528623EDC008AE025 /* CodableBundleExtension.swift */; };
		6CA14D0828623F5B008AE025 /* FooterView.swift in Sources */ = {isa = PBXBuildFile; fileRef = 6CA14D0728623F5B008AE025 /* FooterView.swift */; };
		6CA14D0A28624F42008AE025 /* LogoView.swift in Sources */ = {isa = PBXBuildFile; fileRef = 6CA14D0928624F42008AE025 /* LogoView.swift */; };
		6CA14D0C28625016008AE025 /* NavigationBarView.swift in Sources */ = {isa = PBXBuildFile; fileRef = 6CA14D0B28625016008AE025 /* NavigationBarView.swift */; };
		6CD290B828638A090095517C /* PlayerModel.swift in Sources */ = {isa = PBXBuildFile; fileRef = 6CD290B728638A090095517C /* PlayerModel.swift */; };
		6CD290BA28638A320095517C /* FeaturedItemView.swift in Sources */ = {isa = PBXBuildFile; fileRef = 6CD290B928638A320095517C /* FeaturedItemView.swift */; };
		6CD290BC28638BF70095517C /* FeaturedTabView.swift in Sources */ = {isa = PBXBuildFile; fileRef = 6CD290BB28638BF70095517C /* FeaturedTabView.swift */; };
		6CD290BE2863967A0095517C /* CategoryModel.swift in Sources */ = {isa = PBXBuildFile; fileRef = 6CD290BD2863967A0095517C /* CategoryModel.swift */; };
		6CD290C0286396A30095517C /* CategoryItemView.swift in Sources */ = {isa = PBXBuildFile; fileRef = 6CD290BF286396A30095517C /* CategoryItemView.swift */; };
		6CD290C2286398710095517C /* CategoryGridView.swift in Sources */ = {isa = PBXBuildFile; fileRef = 6CD290C1286398710095517C /* CategoryGridView.swift */; };
		6CD290C42863990C0095517C /* SectionView.swift in Sources */ = {isa = PBXBuildFile; fileRef = 6CD290C32863990B0095517C /* SectionView.swift */; };
/* End PBXBuildFile section */

/* Begin PBXFileReference section */
		6CA14CE028623AD2008AE025 /* Touchdown.app */ = {isa = PBXFileReference; explicitFileType = wrapper.application; includeInIndex = 0; path = Touchdown.app; sourceTree = BUILT_PRODUCTS_DIR; };
		6CA14CE328623AD2008AE025 /* TouchdownApp.swift */ = {isa = PBXFileReference; lastKnownFileType = sourcecode.swift; path = TouchdownApp.swift; sourceTree = "<group>"; };
		6CA14CE528623AD2008AE025 /* ContentView.swift */ = {isa = PBXFileReference; lastKnownFileType = sourcecode.swift; path = ContentView.swift; sourceTree = "<group>"; };
		6CA14CE728623AD4008AE025 /* Assets.xcassets */ = {isa = PBXFileReference; lastKnownFileType = folder.assetcatalog; path = Assets.xcassets; sourceTree = "<group>"; };
		6CA14CEA28623AD4008AE025 /* Preview Assets.xcassets */ = {isa = PBXFileReference; lastKnownFileType = folder.assetcatalog; path = "Preview Assets.xcassets"; sourceTree = "<group>"; };
		6CA14CF228623B95008AE025 /* category.json */ = {isa = PBXFileReference; fileEncoding = 4; lastKnownFileType = text.json; path = category.json; sourceTree = "<group>"; };
		6CA14CF328623B95008AE025 /* player.json */ = {isa = PBXFileReference; fileEncoding = 4; lastKnownFileType = text.json; path = player.json; sourceTree = "<group>"; };
		6CA14CF428623B96008AE025 /* brand.json */ = {isa = PBXFileReference; fileEncoding = 4; lastKnownFileType = text.json; path = brand.json; sourceTree = "<group>"; };
		6CA14CF528623B96008AE025 /* product.json */ = {isa = PBXFileReference; fileEncoding = 4; lastKnownFileType = text.json; path = product.json; sourceTree = "<group>"; };
		6CA14CFA28623BD3008AE025 /* Info.plist */ = {isa = PBXFileReference; lastKnownFileType = text.plist; path = Info.plist; sourceTree = "<group>"; };
		6CA14D0328623D04008AE025 /* Constant.swift */ = {isa = PBXFileReference; lastKnownFileType = sourcecode.swift; path = Constant.swift; sourceTree = "<group>"; };
		6CA14D0528623EDC008AE025 /* CodableBundleExtension.swift */ = {isa = PBXFileReference; lastKnownFileType = sourcecode.swift; path = CodableBundleExtension.swift; sourceTree = "<group>"; };
		6CA14D0728623F5B008AE025 /* FooterView.swift */ = {isa = PBXFileReference; lastKnownFileType = sourcecode.swift; path = FooterView.swift; sourceTree = "<group>"; };
		6CA14D0928624F42008AE025 /* LogoView.swift */ = {isa = PBXFileReference; lastKnownFileType = sourcecode.swift; path = LogoView.swift; sourceTree = "<group>"; };
		6CA14D0B28625016008AE025 /* NavigationBarView.swift */ = {isa = PBXFileReference; lastKnownFileType = sourcecode.swift; path = NavigationBarView.swift; sourceTree = "<group>"; };
		6CD290B728638A090095517C /* PlayerModel.swift */ = {isa = PBXFileReference; lastKnownFileType = sourcecode.swift; path = PlayerModel.swift; sourceTree = "<group>"; };
		6CD290B928638A320095517C /* FeaturedItemView.swift */ = {isa = PBXFileReference; lastKnownFileType = sourcecode.swift; path = FeaturedItemView.swift; sourceTree = "<group>"; };
		6CD290BB28638BF70095517C /* FeaturedTabView.swift */ = {isa = PBXFileReference; lastKnownFileType = sourcecode.swift; path = FeaturedTabView.swift; sourceTree = "<group>"; };
		6CD290BD2863967A0095517C /* CategoryModel.swift */ = {isa = PBXFileReference; lastKnownFileType = sourcecode.swift; path = CategoryModel.swift; sourceTree = "<group>"; };
		6CD290BF286396A30095517C /* CategoryItemView.swift */ = {isa = PBXFileReference; lastKnownFileType = sourcecode.swift; path = CategoryItemView.swift; sourceTree = "<group>"; };
		6CD290C1286398710095517C /* CategoryGridView.swift */ = {isa = PBXFileReference; lastKnownFileType = sourcecode.swift; path = CategoryGridView.swift; sourceTree = "<group>"; };
		6CD290C32863990B0095517C /* SectionView.swift */ = {isa = PBXFileReference; lastKnownFileType = sourcecode.swift; path = SectionView.swift; sourceTree = "<group>"; };
/* End PBXFileReference section */

/* Begin PBXFrameworksBuildPhase section */
		6CA14CDD28623AD2008AE025 /* Frameworks */ = {
			isa = PBXFrameworksBuildPhase;
			buildActionMask = 2147483647;
			files = (
			);
			runOnlyForDeploymentPostprocessing = 0;
		};
/* End PBXFrameworksBuildPhase section */

/* Begin PBXGroup section */
		6CA14CD728623AD2008AE025 = {
			isa = PBXGroup;
			children = (
				6CA14CE228623AD2008AE025 /* Touchdown */,
				6CA14CE128623AD2008AE025 /* Products */,
			);
			sourceTree = "<group>";
		};
		6CA14CE128623AD2008AE025 /* Products */ = {
			isa = PBXGroup;
			children = (
				6CA14CE028623AD2008AE025 /* Touchdown.app */,
			);
			name = Products;
			sourceTree = "<group>";
		};
		6CA14CE228623AD2008AE025 /* Touchdown */ = {
			isa = PBXGroup;
			children = (
				6CA14CE728623AD4008AE025 /* Assets.xcassets */,
				6CA14CFA28623BD3008AE025 /* Info.plist */,
				6CA14D0128623C9C008AE025 /* Extension */,
				6CA14D0028623C80008AE025 /* Utility */,
				6CA14CFF28623C79008AE025 /* Model */,
				6CA14CF128623B8A008AE025 /* Data */,
				6CA14CFB28623C54008AE025 /* App */,
				6CA14CFC28623C61008AE025 /* View */,
				6CA14CE928623AD4008AE025 /* Preview Content */,
			);
			path = Touchdown;
			sourceTree = "<group>";
		};
		6CA14CE928623AD4008AE025 /* Preview Content */ = {
			isa = PBXGroup;
			children = (
				6CA14CEA28623AD4008AE025 /* Preview Assets.xcassets */,
			);
			path = "Preview Content";
			sourceTree = "<group>";
		};
		6CA14CF128623B8A008AE025 /* Data */ = {
			isa = PBXGroup;
			children = (
				6CA14CF428623B96008AE025 /* brand.json */,
				6CA14CF228623B95008AE025 /* category.json */,
				6CA14CF328623B95008AE025 /* player.json */,
				6CA14CF528623B96008AE025 /* product.json */,
			);
			path = Data;
			sourceTree = "<group>";
		};
		6CA14CFB28623C54008AE025 /* App */ = {
			isa = PBXGroup;
			children = (
				6CA14CE328623AD2008AE025 /* TouchdownApp.swift */,
				6CA14CE528623AD2008AE025 /* ContentView.swift */,
			);
			path = App;
			sourceTree = "<group>";
		};
		6CA14CFC28623C61008AE025 /* View */ = {
			isa = PBXGroup;
			children = (
				6CA14CFE28623C71008AE025 /* Home */,
				6CA14CFD28623C69008AE025 /* Detail */,
			);
			path = View;
			sourceTree = "<group>";
		};
		6CA14CFD28623C69008AE025 /* Detail */ = {
			isa = PBXGroup;
			children = (
			);
			path = Detail;
			sourceTree = "<group>";
		};
		6CA14CFE28623C71008AE025 /* Home */ = {
			isa = PBXGroup;
			children = (
				6CA14D0728623F5B008AE025 /* FooterView.swift */,
				6CA14D0928624F42008AE025 /* LogoView.swift */,
				6CA14D0B28625016008AE025 /* NavigationBarView.swift */,
				6CD290B928638A320095517C /* FeaturedItemView.swift */,
				6CD290BB28638BF70095517C /* FeaturedTabView.swift */,
				6CD290BF286396A30095517C /* CategoryItemView.swift */,
				6CD290C1286398710095517C /* CategoryGridView.swift */,
				6CD290C32863990B0095517C /* SectionView.swift */,
			);
			path = Home;
			sourceTree = "<group>";
		};
		6CA14CFF28623C79008AE025 /* Model */ = {
			isa = PBXGroup;
			children = (
				6CD290B728638A090095517C /* PlayerModel.swift */,
				6CD290BD2863967A0095517C /* CategoryModel.swift */,
			);
			path = Model;
			sourceTree = "<group>";
		};
		6CA14D0028623C80008AE025 /* Utility */ = {
			isa = PBXGroup;
			children = (
				6CA14D0328623D04008AE025 /* Constant.swift */,
			);
			path = Utility;
			sourceTree = "<group>";
		};
		6CA14D0128623C9C008AE025 /* Extension */ = {
			isa = PBXGroup;
			children = (
				6CA14D0528623EDC008AE025 /* CodableBundleExtension.swift */,
			);
			path = Extension;
			sourceTree = "<group>";
		};
/* End PBXGroup section */

/* Begin PBXNativeTarget section */
		6CA14CDF28623AD2008AE025 /* Touchdown */ = {
			isa = PBXNativeTarget;
			buildConfigurationList = 6CA14CEE28623AD4008AE025 /* Build configuration list for PBXNativeTarget "Touchdown" */;
			buildPhases = (
				6CA14CDC28623AD2008AE025 /* Sources */,
				6CA14CDD28623AD2008AE025 /* Frameworks */,
				6CA14CDE28623AD2008AE025 /* Resources */,
			);
			buildRules = (
			);
			dependencies = (
			);
			name = Touchdown;
			productName = Touchdown;
			productReference = 6CA14CE028623AD2008AE025 /* Touchdown.app */;
			productType = "com.apple.product-type.application";
		};
/* End PBXNativeTarget section */

/* Begin PBXProject section */
		6CA14CD828623AD2008AE025 /* Project object */ = {
			isa = PBXProject;
			attributes = {
				BuildIndependentTargetsInParallel = 1;
				LastSwiftUpdateCheck = 1340;
				LastUpgradeCheck = 1340;
				TargetAttributes = {
					6CA14CDF28623AD2008AE025 = {
						CreatedOnToolsVersion = 13.4.1;
					};
				};
			};
			buildConfigurationList = 6CA14CDB28623AD2008AE025 /* Build configuration list for PBXProject "Touchdown" */;
			compatibilityVersion = "Xcode 13.0";
			developmentRegion = en;
			hasScannedForEncodings = 0;
			knownRegions = (
				en,
				Base,
			);
			mainGroup = 6CA14CD728623AD2008AE025;
			productRefGroup = 6CA14CE128623AD2008AE025 /* Products */;
			projectDirPath = "";
			projectRoot = "";
			targets = (
				6CA14CDF28623AD2008AE025 /* Touchdown */,
			);
		};
/* End PBXProject section */

/* Begin PBXResourcesBuildPhase section */
		6CA14CDE28623AD2008AE025 /* Resources */ = {
			isa = PBXResourcesBuildPhase;
			buildActionMask = 2147483647;
			files = (
				6CA14CF728623B96008AE025 /* player.json in Resources */,
				6CA14CF828623B96008AE025 /* brand.json in Resources */,
				6CA14CF628623B96008AE025 /* category.json in Resources */,
				6CA14CEB28623AD4008AE025 /* Preview Assets.xcassets in Resources */,
				6CA14CE828623AD4008AE025 /* Assets.xcassets in Resources */,
				6CA14CF928623B96008AE025 /* product.json in Resources */,
			);
			runOnlyForDeploymentPostprocessing = 0;
		};
/* End PBXResourcesBuildPhase section */

/* Begin PBXSourcesBuildPhase section */
		6CA14CDC28623AD2008AE025 /* Sources */ = {
			isa = PBXSourcesBuildPhase;
			buildActionMask = 2147483647;
			files = (
				6CA14D0628623EDC008AE025 /* CodableBundleExtension.swift in Sources */,
				6CA14D0A28624F42008AE025 /* LogoView.swift in Sources */,
				6CD290B828638A090095517C /* PlayerModel.swift in Sources */,
				6CA14CE628623AD2008AE025 /* ContentView.swift in Sources */,
				6CD290BA28638A320095517C /* FeaturedItemView.swift in Sources */,
				6CA14CE428623AD2008AE025 /* TouchdownApp.swift in Sources */,
				6CA14D0828623F5B008AE025 /* FooterView.swift in Sources */,
				6CD290C2286398710095517C /* CategoryGridView.swift in Sources */,
				6CD290BE2863967A0095517C /* CategoryModel.swift in Sources */,
				6CA14D0C28625016008AE025 /* NavigationBarView.swift in Sources */,
				6CD290C42863990C0095517C /* SectionView.swift in Sources */,
				6CD290C0286396A30095517C /* CategoryItemView.swift in Sources */,
				6CD290BC28638BF70095517C /* FeaturedTabView.swift in Sources */,
				6CA14D0428623D04008AE025 /* Constant.swift in Sources */,
			);
			runOnlyForDeploymentPostprocessing = 0;
		};
/* End PBXSourcesBuildPhase section */

/* Begin XCBuildConfiguration section */
		6CA14CEC28623AD4008AE025 /* Debug */ = {
			isa = XCBuildConfiguration;
			buildSettings = {
				ALWAYS_SEARCH_USER_PATHS = NO;
				CLANG_ANALYZER_NONNULL = YES;
				CLANG_ANALYZER_NUMBER_OBJECT_CONVERSION = YES_AGGRESSIVE;
				CLANG_CXX_LANGUAGE_STANDARD = "gnu++17";
				CLANG_ENABLE_MODULES = YES;
				CLANG_ENABLE_OBJC_ARC = YES;
				CLANG_ENABLE_OBJC_WEAK = YES;
				CLANG_WARN_BLOCK_CAPTURE_AUTORELEASING = YES;
				CLANG_WARN_BOOL_CONVERSION = YES;
				CLANG_WARN_COMMA = YES;
				CLANG_WARN_CONSTANT_CONVERSION = YES;
				CLANG_WARN_DEPRECATED_OBJC_IMPLEMENTATIONS = YES;
				CLANG_WARN_DIRECT_OBJC_ISA_USAGE = YES_ERROR;
				CLANG_WARN_DOCUMENTATION_COMMENTS = YES;
				CLANG_WARN_EMPTY_BODY = YES;
				CLANG_WARN_ENUM_CONVERSION = YES;
				CLANG_WARN_INFINITE_RECURSION = YES;
				CLANG_WARN_INT_CONVERSION = YES;
				CLANG_WARN_NON_LITERAL_NULL_CONVERSION = YES;
				CLANG_WARN_OBJC_IMPLICIT_RETAIN_SELF = YES;
				CLANG_WARN_OBJC_LITERAL_CONVERSION = YES;
				CLANG_WARN_OBJC_ROOT_CLASS = YES_ERROR;
				CLANG_WARN_QUOTED_INCLUDE_IN_FRAMEWORK_HEADER = YES;
				CLANG_WARN_RANGE_LOOP_ANALYSIS = YES;
				CLANG_WARN_STRICT_PROTOTYPES = YES;
				CLANG_WARN_SUSPICIOUS_MOVE = YES;
				CLANG_WARN_UNGUARDED_AVAILABILITY = YES_AGGRESSIVE;
				CLANG_WARN_UNREACHABLE_CODE = YES;
				CLANG_WARN__DUPLICATE_METHOD_MATCH = YES;
				COPY_PHASE_STRIP = NO;
				DEBUG_INFORMATION_FORMAT = dwarf;
				ENABLE_STRICT_OBJC_MSGSEND = YES;
				ENABLE_TESTABILITY = YES;
				GCC_C_LANGUAGE_STANDARD = gnu11;
				GCC_DYNAMIC_NO_PIC = NO;
				GCC_NO_COMMON_BLOCKS = YES;
				GCC_OPTIMIZATION_LEVEL = 0;
				GCC_PREPROCESSOR_DEFINITIONS = (
					"DEBUG=1",
					"$(inherited)",
				);
				GCC_WARN_64_TO_32_BIT_CONVERSION = YES;
				GCC_WARN_ABOUT_RETURN_TYPE = YES_ERROR;
				GCC_WARN_UNDECLARED_SELECTOR = YES;
				GCC_WARN_UNINITIALIZED_AUTOS = YES_AGGRESSIVE;
				GCC_WARN_UNUSED_FUNCTION = YES;
				GCC_WARN_UNUSED_VARIABLE = YES;
				IPHONEOS_DEPLOYMENT_TARGET = 15.5;
				MTL_ENABLE_DEBUG_INFO = INCLUDE_SOURCE;
				MTL_FAST_MATH = YES;
				ONLY_ACTIVE_ARCH = YES;
				SDKROOT = iphoneos;
				SWIFT_ACTIVE_COMPILATION_CONDITIONS = DEBUG;
				SWIFT_OPTIMIZATION_LEVEL = "-Onone";
			};
			name = Debug;
		};
		6CA14CED28623AD4008AE025 /* Release */ = {
			isa = XCBuildConfiguration;
			buildSettings = {
				ALWAYS_SEARCH_USER_PATHS = NO;
				CLANG_ANALYZER_NONNULL = YES;
				CLANG_ANALYZER_NUMBER_OBJECT_CONVERSION = YES_AGGRESSIVE;
				CLANG_CXX_LANGUAGE_STANDARD = "gnu++17";
				CLANG_ENABLE_MODULES = YES;
				CLANG_ENABLE_OBJC_ARC = YES;
				CLANG_ENABLE_OBJC_WEAK = YES;
				CLANG_WARN_BLOCK_CAPTURE_AUTORELEASING = YES;
				CLANG_WARN_BOOL_CONVERSION = YES;
				CLANG_WARN_COMMA = YES;
				CLANG_WARN_CONSTANT_CONVERSION = YES;
				CLANG_WARN_DEPRECATED_OBJC_IMPLEMENTATIONS = YES;
				CLANG_WARN_DIRECT_OBJC_ISA_USAGE = YES_ERROR;
				CLANG_WARN_DOCUMENTATION_COMMENTS = YES;
				CLANG_WARN_EMPTY_BODY = YES;
				CLANG_WARN_ENUM_CONVERSION = YES;
				CLANG_WARN_INFINITE_RECURSION = YES;
				CLANG_WARN_INT_CONVERSION = YES;
				CLANG_WARN_NON_LITERAL_NULL_CONVERSION = YES;
				CLANG_WARN_OBJC_IMPLICIT_RETAIN_SELF = YES;
				CLANG_WARN_OBJC_LITERAL_CONVERSION = YES;
				CLANG_WARN_OBJC_ROOT_CLASS = YES_ERROR;
				CLANG_WARN_QUOTED_INCLUDE_IN_FRAMEWORK_HEADER = YES;
				CLANG_WARN_RANGE_LOOP_ANALYSIS = YES;
				CLANG_WARN_STRICT_PROTOTYPES = YES;
				CLANG_WARN_SUSPICIOUS_MOVE = YES;
				CLANG_WARN_UNGUARDED_AVAILABILITY = YES_AGGRESSIVE;
				CLANG_WARN_UNREACHABLE_CODE = YES;
				CLANG_WARN__DUPLICATE_METHOD_MATCH = YES;
				COPY_PHASE_STRIP = NO;
				DEBUG_INFORMATION_FORMAT = "dwarf-with-dsym";
				ENABLE_NS_ASSERTIONS = NO;
				ENABLE_STRICT_OBJC_MSGSEND = YES;
				GCC_C_LANGUAGE_STANDARD = gnu11;
				GCC_NO_COMMON_BLOCKS = YES;
				GCC_WARN_64_TO_32_BIT_CONVERSION = YES;
				GCC_WARN_ABOUT_RETURN_TYPE = YES_ERROR;
				GCC_WARN_UNDECLARED_SELECTOR = YES;
				GCC_WARN_UNINITIALIZED_AUTOS = YES_AGGRESSIVE;
				GCC_WARN_UNUSED_FUNCTION = YES;
				GCC_WARN_UNUSED_VARIABLE = YES;
				IPHONEOS_DEPLOYMENT_TARGET = 15.5;
				MTL_ENABLE_DEBUG_INFO = NO;
				MTL_FAST_MATH = YES;
				SDKROOT = iphoneos;
				SWIFT_COMPILATION_MODE = wholemodule;
				SWIFT_OPTIMIZATION_LEVEL = "-O";
				VALIDATE_PRODUCT = YES;
			};
			name = Release;
		};
		6CA14CEF28623AD4008AE025 /* Debug */ = {
			isa = XCBuildConfiguration;
			buildSettings = {
				ASSETCATALOG_COMPILER_APPICON_NAME = AppIcon;
				ASSETCATALOG_COMPILER_GLOBAL_ACCENT_COLOR_NAME = AccentColor;
				CODE_SIGN_STYLE = Automatic;
				CURRENT_PROJECT_VERSION = 1;
				DEVELOPMENT_ASSET_PATHS = "\"Touchdown/Preview Content\"";
				DEVELOPMENT_TEAM = A89YPB44C2;
				ENABLE_PREVIEWS = YES;
				GENERATE_INFOPLIST_FILE = YES;
				INFOPLIST_FILE = Touchdown/Info.plist;
				INFOPLIST_KEY_UIApplicationSceneManifest_Generation = YES;
				INFOPLIST_KEY_UIApplicationSupportsIndirectInputEvents = YES;
				INFOPLIST_KEY_UISupportedInterfaceOrientations = UIInterfaceOrientationPortrait;
				INFOPLIST_KEY_UISupportedInterfaceOrientations_iPad = "UIInterfaceOrientationPortrait UIInterfaceOrientationPortraitUpsideDown UIInterfaceOrientationLandscapeLeft UIInterfaceOrientationLandscapeRight";
				INFOPLIST_KEY_UISupportedInterfaceOrientations_iPhone = "UIInterfaceOrientationPortrait UIInterfaceOrientationLandscapeLeft UIInterfaceOrientationLandscapeRight";
				INFOPLIST_KEY_UIUserInterfaceStyle = Light;
				LD_RUNPATH_SEARCH_PATHS = (
					"$(inherited)",
					"@executable_path/Frameworks",
				);
				MARKETING_VERSION = 1.0;
				PRODUCT_BUNDLE_IDENTIFIER = com.teste.Touchdown;
				PRODUCT_NAME = "$(TARGET_NAME)";
				SWIFT_EMIT_LOC_STRINGS = YES;
				SWIFT_VERSION = 5.0;
				TARGETED_DEVICE_FAMILY = "1,2";
			};
			name = Debug;
		};
		6CA14CF028623AD4008AE025 /* Release */ = {
			isa = XCBuildConfiguration;
			buildSettings = {
				ASSETCATALOG_COMPILER_APPICON_NAME = AppIcon;
				ASSETCATALOG_COMPILER_GLOBAL_ACCENT_COLOR_NAME = AccentColor;
				CODE_SIGN_STYLE = Automatic;
				CURRENT_PROJECT_VERSION = 1;
				DEVELOPMENT_ASSET_PATHS = "\"Touchdown/Preview Content\"";
				DEVELOPMENT_TEAM = A89YPB44C2;
				ENABLE_PREVIEWS = YES;
				GENERATE_INFOPLIST_FILE = YES;
				INFOPLIST_FILE = Touchdown/Info.plist;
				INFOPLIST_KEY_UIApplicationSceneManifest_Generation = YES;
				INFOPLIST_KEY_UIApplicationSupportsIndirectInputEvents = YES;
				INFOPLIST_KEY_UISupportedInterfaceOrientations = UIInterfaceOrientationPortrait;
				INFOPLIST_KEY_UISupportedInterfaceOrientations_iPad = "UIInterfaceOrientationPortrait UIInterfaceOrientationPortraitUpsideDown UIInterfaceOrientationLandscapeLeft UIInterfaceOrientationLandscapeRight";
				INFOPLIST_KEY_UISupportedInterfaceOrientations_iPhone = "UIInterfaceOrientationPortrait UIInterfaceOrientationLandscapeLeft UIInterfaceOrientationLandscapeRight";
				INFOPLIST_KEY_UIUserInterfaceStyle = Light;
				LD_RUNPATH_SEARCH_PATHS = (
					"$(inherited)",
					"@executable_path/Frameworks",
				);
				MARKETING_VERSION = 1.0;
				PRODUCT_BUNDLE_IDENTIFIER = com.teste.Touchdown;
				PRODUCT_NAME = "$(TARGET_NAME)";
				SWIFT_EMIT_LOC_STRINGS = YES;
				SWIFT_VERSION = 5.0;
				TARGETED_DEVICE_FAMILY = "1,2";
			};
			name = Release;
		};
/* End XCBuildConfiguration section */

/* Begin XCConfigurationList section */
		6CA14CDB28623AD2008AE025 /* Build configuration list for PBXProject "Touchdown" */ = {
			isa = XCConfigurationList;
			buildConfigurations = (
				6CA14CEC28623AD4008AE025 /* Debug */,
				6CA14CED28623AD4008AE025 /* Release */,
			);
			defaultConfigurationIsVisible = 0;
			defaultConfigurationName = Release;
		};
		6CA14CEE28623AD4008AE025 /* Build configuration list for PBXNativeTarget "Touchdown" */ = {
			isa = XCConfigurationList;
			buildConfigurations = (
				6CA14CEF28623AD4008AE025 /* Debug */,
				6CA14CF028623AD4008AE025 /* Release */,
			);
			defaultConfigurationIsVisible = 0;
			defaultConfigurationName = Release;
		};
/* End XCConfigurationList section */
	};
	rootObject = 6CA14CD828623AD2008AE025 /* Project object */;
}
