// !$*UTF8*$!
{
	archiveVersion = 1;
	classes = {
	};
	objectVersion = 55;
	objects = {

/* Begin PBXBuildFile section */
		6C5C4482285B598D007B8116 /* CodableBundleExtension.swift in Sources */ = {isa = PBXBuildFile; fileRef = 6C5C4481285B598D007B8116 /* CodableBundleExtension.swift */; };
		6C5C4485285B59D3007B8116 /* CoverImageView.swift in Sources */ = {isa = PBXBuildFile; fileRef = 6C5C4484285B59D3007B8116 /* CoverImageView.swift */; };
		6C5C4488285B5A21007B8116 /* CoverImageModel.swift in Sources */ = {isa = PBXBuildFile; fileRef = 6C5C4487285B5A21007B8116 /* CoverImageModel.swift */; };
		6C5C448A285B8F77007B8116 /* AnimalModel.swift in Sources */ = {isa = PBXBuildFile; fileRef = 6C5C4489285B8F77007B8116 /* AnimalModel.swift */; };
		6C5C448C285B8F96007B8116 /* AnimalListItemView.swift in Sources */ = {isa = PBXBuildFile; fileRef = 6C5C448B285B8F96007B8116 /* AnimalListItemView.swift */; };
		6C5C448E285B95B0007B8116 /* HeadingView.swift in Sources */ = {isa = PBXBuildFile; fileRef = 6C5C448D285B95B0007B8116 /* HeadingView.swift */; };
		6C5C4490285B96D9007B8116 /* InsetGalleryView.swift in Sources */ = {isa = PBXBuildFile; fileRef = 6C5C448F285B96D9007B8116 /* InsetGalleryView.swift */; };
		6C5C4492285B9BAF007B8116 /* AnimalDetailView.swift in Sources */ = {isa = PBXBuildFile; fileRef = 6C5C4491285B9BAF007B8116 /* AnimalDetailView.swift */; };
		6C5C4494285BA186007B8116 /* InsetFactView.swift in Sources */ = {isa = PBXBuildFile; fileRef = 6C5C4493285BA186007B8116 /* InsetFactView.swift */; };
		6C5C4496285BA28C007B8116 /* InsetMapView.swift in Sources */ = {isa = PBXBuildFile; fileRef = 6C5C4495285BA28C007B8116 /* InsetMapView.swift */; };
		6C5C4498285BA48F007B8116 /* ExternalWeblinkView.swift in Sources */ = {isa = PBXBuildFile; fileRef = 6C5C4497285BA48F007B8116 /* ExternalWeblinkView.swift */; };
		6C5C449A285BA8BA007B8116 /* VideoModel.swift in Sources */ = {isa = PBXBuildFile; fileRef = 6C5C4499285BA8BA007B8116 /* VideoModel.swift */; };
		6C5C449E285BA902007B8116 /* VideoListItemView.swift in Sources */ = {isa = PBXBuildFile; fileRef = 6C5C449D285BA902007B8116 /* VideoListItemView.swift */; };
		6C9BA3D2285BB6400012CD0F /* VideoPlayerHelper.swift in Sources */ = {isa = PBXBuildFile; fileRef = 6C9BA3D1285BB6400012CD0F /* VideoPlayerHelper.swift */; };
		6C9BA3D4285BB65E0012CD0F /* VideoPlayerView.swift in Sources */ = {isa = PBXBuildFile; fileRef = 6C9BA3D3285BB65E0012CD0F /* VideoPlayerView.swift */; };
		6C9BA3D6285BBC150012CD0F /* LocationModel.swift in Sources */ = {isa = PBXBuildFile; fileRef = 6C9BA3D5285BBC150012CD0F /* LocationModel.swift */; };
		6C9BA3D8285BBC400012CD0F /* MapAnnotationView.swift in Sources */ = {isa = PBXBuildFile; fileRef = 6C9BA3D7285BBC400012CD0F /* MapAnnotationView.swift */; };
		6C9BA3DA285BC47C0012CD0F /* MotionAnimationView.swift in Sources */ = {isa = PBXBuildFile; fileRef = 6C9BA3D9285BC47C0012CD0F /* MotionAnimationView.swift */; };
		6C9D68FD2860E6C00089E4B4 /* AnimalGridItemView.swift in Sources */ = {isa = PBXBuildFile; fileRef = 6C9D68FC2860E6C00089E4B4 /* AnimalGridItemView.swift */; };
		6C9D69032860ECC70089E4B4 /* Stickers.xcassets in Resources */ = {isa = PBXBuildFile; fileRef = 6C9D69022860ECC70089E4B4 /* Stickers.xcassets */; };
		6C9D69072860ECC70089E4B4 /* Stickers.appex in Embed App Extensions */ = {isa = PBXBuildFile; fileRef = 6C9D69002860ECC40089E4B4 /* Stickers.appex */; platformFilter = ios; settings = {ATTRIBUTES = (RemoveHeadersOnCopy, ); }; };
		6CA14CD228620D0B008AE025 /* CenterModifier.swift in Sources */ = {isa = PBXBuildFile; fileRef = 6CA14CD128620D0B008AE025 /* CenterModifier.swift */; };
		6CA14CD428620D77008AE025 /* CreditsView.swift in Sources */ = {isa = PBXBuildFile; fileRef = 6CA14CD328620D77008AE025 /* CreditsView.swift */; };
		6CD397A3285A5C4E00D59BA3 /* AfricaApp.swift in Sources */ = {isa = PBXBuildFile; fileRef = 6CD397A2285A5C4E00D59BA3 /* AfricaApp.swift */; };
		6CD397A5285A5C4E00D59BA3 /* ContentView.swift in Sources */ = {isa = PBXBuildFile; fileRef = 6CD397A4285A5C4E00D59BA3 /* ContentView.swift */; };
		6CD397A7285A5C5200D59BA3 /* Assets.xcassets in Resources */ = {isa = PBXBuildFile; fileRef = 6CD397A6285A5C5200D59BA3 /* Assets.xcassets */; };
		6CD397AA285A5C5200D59BA3 /* Preview Assets.xcassets in Resources */ = {isa = PBXBuildFile; fileRef = 6CD397A9285A5C5200D59BA3 /* Preview Assets.xcassets */; };
		6CD397BB285A5E3900D59BA3 /* rhino.mp4 in Resources */ = {isa = PBXBuildFile; fileRef = 6CD397B1285A5E3600D59BA3 /* rhino.mp4 */; };
		6CD397BC285A5E3900D59BA3 /* giraffe.mp4 in Resources */ = {isa = PBXBuildFile; fileRef = 6CD397B2285A5E3600D59BA3 /* giraffe.mp4 */; };
		6CD397BD285A5E3900D59BA3 /* zebra.mp4 in Resources */ = {isa = PBXBuildFile; fileRef = 6CD397B3285A5E3700D59BA3 /* zebra.mp4 */; };
		6CD397BE285A5E3900D59BA3 /* gorilla.mp4 in Resources */ = {isa = PBXBuildFile; fileRef = 6CD397B4285A5E3700D59BA3 /* gorilla.mp4 */; };
		6CD397BF285A5E3900D59BA3 /* elephant.mp4 in Resources */ = {isa = PBXBuildFile; fileRef = 6CD397B5285A5E3700D59BA3 /* elephant.mp4 */; };
		6CD397C0285A5E3900D59BA3 /* cheetah.mp4 in Resources */ = {isa = PBXBuildFile; fileRef = 6CD397B6285A5E3700D59BA3 /* cheetah.mp4 */; };
		6CD397C1285A5E3900D59BA3 /* hippo.mp4 in Resources */ = {isa = PBXBuildFile; fileRef = 6CD397B7285A5E3800D59BA3 /* hippo.mp4 */; };
		6CD397C2285A5E3900D59BA3 /* lion.mp4 in Resources */ = {isa = PBXBuildFile; fileRef = 6CD397B8285A5E3800D59BA3 /* lion.mp4 */; };
		6CD397C3285A5E3900D59BA3 /* ostrich.mp4 in Resources */ = {isa = PBXBuildFile; fileRef = 6CD397B9285A5E3800D59BA3 /* ostrich.mp4 */; };
		6CD397C4285A5E3900D59BA3 /* lioness.mp4 in Resources */ = {isa = PBXBuildFile; fileRef = 6CD397BA285A5E3900D59BA3 /* lioness.mp4 */; };
		6CD397CA285A5E7000D59BA3 /* videos.json in Resources */ = {isa = PBXBuildFile; fileRef = 6CD397C6285A5E6F00D59BA3 /* videos.json */; };
		6CD397CB285A5E7000D59BA3 /* animals.json in Resources */ = {isa = PBXBuildFile; fileRef = 6CD397C7285A5E6F00D59BA3 /* animals.json */; };
		6CD397CC285A5E7000D59BA3 /* covers.json in Resources */ = {isa = PBXBuildFile; fileRef = 6CD397C8285A5E7000D59BA3 /* covers.json */; };
		6CD397CD285A5E7000D59BA3 /* locations.json in Resources */ = {isa = PBXBuildFile; fileRef = 6CD397C9285A5E7000D59BA3 /* locations.json */; };
		6CD397D1285A611900D59BA3 /* VideoListView.swift in Sources */ = {isa = PBXBuildFile; fileRef = 6CD397D0285A611900D59BA3 /* VideoListView.swift */; };
		6CD397D3285A613F00D59BA3 /* MapView.swift in Sources */ = {isa = PBXBuildFile; fileRef = 6CD397D2285A613F00D59BA3 /* MapView.swift */; };
		6CD397D5285A614F00D59BA3 /* GalleryView.swift in Sources */ = {isa = PBXBuildFile; fileRef = 6CD397D4285A614F00D59BA3 /* GalleryView.swift */; };
		6CD397D7285A617800D59BA3 /* MainView.swift in Sources */ = {isa = PBXBuildFile; fileRef = 6CD397D6285A617800D59BA3 /* MainView.swift */; };
/* End PBXBuildFile section */

/* Begin PBXContainerItemProxy section */
		6C9D69052860ECC70089E4B4 /* PBXContainerItemProxy */ = {
			isa = PBXContainerItemProxy;
			containerPortal = 6CD39797285A5C4E00D59BA3 /* Project object */;
			proxyType = 1;
			remoteGlobalIDString = 6C9D68FF2860ECC40089E4B4;
			remoteInfo = Stickers;
		};
/* End PBXContainerItemProxy section */

/* Begin PBXCopyFilesBuildPhase section */
		6C9D690B2860ECC70089E4B4 /* Embed App Extensions */ = {
			isa = PBXCopyFilesBuildPhase;
			buildActionMask = 2147483647;
			dstPath = "";
			dstSubfolderSpec = 13;
			files = (
				6C9D69072860ECC70089E4B4 /* Stickers.appex in Embed App Extensions */,
			);
			name = "Embed App Extensions";
			runOnlyForDeploymentPostprocessing = 0;
		};
/* End PBXCopyFilesBuildPhase section */

/* Begin PBXFileReference section */
		6C5C4481285B598D007B8116 /* CodableBundleExtension.swift */ = {isa = PBXFileReference; lastKnownFileType = sourcecode.swift; path = CodableBundleExtension.swift; sourceTree = "<group>"; };
		6C5C4484285B59D3007B8116 /* CoverImageView.swift */ = {isa = PBXFileReference; lastKnownFileType = sourcecode.swift; path = CoverImageView.swift; sourceTree = "<group>"; };
		6C5C4487285B5A21007B8116 /* CoverImageModel.swift */ = {isa = PBXFileReference; lastKnownFileType = sourcecode.swift; path = CoverImageModel.swift; sourceTree = "<group>"; };
		6C5C4489285B8F77007B8116 /* AnimalModel.swift */ = {isa = PBXFileReference; lastKnownFileType = sourcecode.swift; path = AnimalModel.swift; sourceTree = "<group>"; };
		6C5C448B285B8F96007B8116 /* AnimalListItemView.swift */ = {isa = PBXFileReference; lastKnownFileType = sourcecode.swift; path = AnimalListItemView.swift; sourceTree = "<group>"; };
		6C5C448D285B95B0007B8116 /* HeadingView.swift */ = {isa = PBXFileReference; lastKnownFileType = sourcecode.swift; path = HeadingView.swift; sourceTree = "<group>"; };
		6C5C448F285B96D9007B8116 /* InsetGalleryView.swift */ = {isa = PBXFileReference; lastKnownFileType = sourcecode.swift; path = InsetGalleryView.swift; sourceTree = "<group>"; };
		6C5C4491285B9BAF007B8116 /* AnimalDetailView.swift */ = {isa = PBXFileReference; lastKnownFileType = sourcecode.swift; path = AnimalDetailView.swift; sourceTree = "<group>"; };
		6C5C4493285BA186007B8116 /* InsetFactView.swift */ = {isa = PBXFileReference; lastKnownFileType = sourcecode.swift; path = InsetFactView.swift; sourceTree = "<group>"; };
		6C5C4495285BA28C007B8116 /* InsetMapView.swift */ = {isa = PBXFileReference; lastKnownFileType = sourcecode.swift; path = InsetMapView.swift; sourceTree = "<group>"; };
		6C5C4497285BA48F007B8116 /* ExternalWeblinkView.swift */ = {isa = PBXFileReference; lastKnownFileType = sourcecode.swift; path = ExternalWeblinkView.swift; sourceTree = "<group>"; };
		6C5C4499285BA8BA007B8116 /* VideoModel.swift */ = {isa = PBXFileReference; lastKnownFileType = sourcecode.swift; path = VideoModel.swift; sourceTree = "<group>"; };
		6C5C449D285BA902007B8116 /* VideoListItemView.swift */ = {isa = PBXFileReference; lastKnownFileType = sourcecode.swift; path = VideoListItemView.swift; sourceTree = "<group>"; };
		6C9BA3D1285BB6400012CD0F /* VideoPlayerHelper.swift */ = {isa = PBXFileReference; lastKnownFileType = sourcecode.swift; path = VideoPlayerHelper.swift; sourceTree = "<group>"; };
		6C9BA3D3285BB65E0012CD0F /* VideoPlayerView.swift */ = {isa = PBXFileReference; lastKnownFileType = sourcecode.swift; path = VideoPlayerView.swift; sourceTree = "<group>"; };
		6C9BA3D5285BBC150012CD0F /* LocationModel.swift */ = {isa = PBXFileReference; lastKnownFileType = sourcecode.swift; path = LocationModel.swift; sourceTree = "<group>"; };
		6C9BA3D7285BBC400012CD0F /* MapAnnotationView.swift */ = {isa = PBXFileReference; lastKnownFileType = sourcecode.swift; path = MapAnnotationView.swift; sourceTree = "<group>"; };
		6C9BA3D9285BC47C0012CD0F /* MotionAnimationView.swift */ = {isa = PBXFileReference; lastKnownFileType = sourcecode.swift; path = MotionAnimationView.swift; sourceTree = "<group>"; };
		6C9D68FC2860E6C00089E4B4 /* AnimalGridItemView.swift */ = {isa = PBXFileReference; lastKnownFileType = sourcecode.swift; path = AnimalGridItemView.swift; sourceTree = "<group>"; };
		6C9D69002860ECC40089E4B4 /* Stickers.appex */ = {isa = PBXFileReference; explicitFileType = "wrapper.app-extension"; includeInIndex = 0; path = Stickers.appex; sourceTree = BUILT_PRODUCTS_DIR; };
		6C9D69022860ECC70089E4B4 /* Stickers.xcassets */ = {isa = PBXFileReference; lastKnownFileType = folder.assetcatalog; path = Stickers.xcassets; sourceTree = "<group>"; };
		6C9D69042860ECC70089E4B4 /* Info.plist */ = {isa = PBXFileReference; lastKnownFileType = text.plist.xml; path = Info.plist; sourceTree = "<group>"; };
		6CA14CD128620D0B008AE025 /* CenterModifier.swift */ = {isa = PBXFileReference; lastKnownFileType = sourcecode.swift; path = CenterModifier.swift; sourceTree = "<group>"; };
		6CA14CD328620D77008AE025 /* CreditsView.swift */ = {isa = PBXFileReference; lastKnownFileType = sourcecode.swift; path = CreditsView.swift; sourceTree = "<group>"; };
		6CA14CD528620E89008AE025 /* Stickers.entitlements */ = {isa = PBXFileReference; lastKnownFileType = text.plist.entitlements; path = Stickers.entitlements; sourceTree = "<group>"; };
		6CA14CD628620EE3008AE025 /* Africa.entitlements */ = {isa = PBXFileReference; lastKnownFileType = text.plist.entitlements; path = Africa.entitlements; sourceTree = "<group>"; };
		6CD3979F285A5C4E00D59BA3 /* Africa.app */ = {isa = PBXFileReference; explicitFileType = wrapper.application; includeInIndex = 0; path = Africa.app; sourceTree = BUILT_PRODUCTS_DIR; };
		6CD397A2285A5C4E00D59BA3 /* AfricaApp.swift */ = {isa = PBXFileReference; lastKnownFileType = sourcecode.swift; path = AfricaApp.swift; sourceTree = "<group>"; };
		6CD397A4285A5C4E00D59BA3 /* ContentView.swift */ = {isa = PBXFileReference; lastKnownFileType = sourcecode.swift; path = ContentView.swift; sourceTree = "<group>"; };
		6CD397A6285A5C5200D59BA3 /* Assets.xcassets */ = {isa = PBXFileReference; lastKnownFileType = folder.assetcatalog; path = Assets.xcassets; sourceTree = "<group>"; };
		6CD397A9285A5C5200D59BA3 /* Preview Assets.xcassets */ = {isa = PBXFileReference; lastKnownFileType = folder.assetcatalog; path = "Preview Assets.xcassets"; sourceTree = "<group>"; };
		6CD397B1285A5E3600D59BA3 /* rhino.mp4 */ = {isa = PBXFileReference; lastKnownFileType = file; path = rhino.mp4; sourceTree = "<group>"; };
		6CD397B2285A5E3600D59BA3 /* giraffe.mp4 */ = {isa = PBXFileReference; lastKnownFileType = file; path = giraffe.mp4; sourceTree = "<group>"; };
		6CD397B3285A5E3700D59BA3 /* zebra.mp4 */ = {isa = PBXFileReference; lastKnownFileType = file; path = zebra.mp4; sourceTree = "<group>"; };
		6CD397B4285A5E3700D59BA3 /* gorilla.mp4 */ = {isa = PBXFileReference; lastKnownFileType = file; path = gorilla.mp4; sourceTree = "<group>"; };
		6CD397B5285A5E3700D59BA3 /* elephant.mp4 */ = {isa = PBXFileReference; lastKnownFileType = file; path = elephant.mp4; sourceTree = "<group>"; };
		6CD397B6285A5E3700D59BA3 /* cheetah.mp4 */ = {isa = PBXFileReference; lastKnownFileType = file; path = cheetah.mp4; sourceTree = "<group>"; };
		6CD397B7285A5E3800D59BA3 /* hippo.mp4 */ = {isa = PBXFileReference; lastKnownFileType = file; path = hippo.mp4; sourceTree = "<group>"; };
		6CD397B8285A5E3800D59BA3 /* lion.mp4 */ = {isa = PBXFileReference; lastKnownFileType = file; path = lion.mp4; sourceTree = "<group>"; };
		6CD397B9285A5E3800D59BA3 /* ostrich.mp4 */ = {isa = PBXFileReference; lastKnownFileType = file; path = ostrich.mp4; sourceTree = "<group>"; };
		6CD397BA285A5E3900D59BA3 /* lioness.mp4 */ = {isa = PBXFileReference; lastKnownFileType = file; path = lioness.mp4; sourceTree = "<group>"; };
		6CD397C6285A5E6F00D59BA3 /* videos.json */ = {isa = PBXFileReference; fileEncoding = 4; lastKnownFileType = text.json; path = videos.json; sourceTree = "<group>"; };
		6CD397C7285A5E6F00D59BA3 /* animals.json */ = {isa = PBXFileReference; fileEncoding = 4; lastKnownFileType = text.json; path = animals.json; sourceTree = "<group>"; };
		6CD397C8285A5E7000D59BA3 /* covers.json */ = {isa = PBXFileReference; fileEncoding = 4; lastKnownFileType = text.json; path = covers.json; sourceTree = "<group>"; };
		6CD397C9285A5E7000D59BA3 /* locations.json */ = {isa = PBXFileReference; fileEncoding = 4; lastKnownFileType = text.json; path = locations.json; sourceTree = "<group>"; };
		6CD397CE285A600200D59BA3 /* Info.plist */ = {isa = PBXFileReference; lastKnownFileType = text.plist; path = Info.plist; sourceTree = "<group>"; };
		6CD397D0285A611900D59BA3 /* VideoListView.swift */ = {isa = PBXFileReference; lastKnownFileType = sourcecode.swift; path = VideoListView.swift; sourceTree = "<group>"; };
		6CD397D2285A613F00D59BA3 /* MapView.swift */ = {isa = PBXFileReference; lastKnownFileType = sourcecode.swift; path = MapView.swift; sourceTree = "<group>"; };
		6CD397D4285A614F00D59BA3 /* GalleryView.swift */ = {isa = PBXFileReference; lastKnownFileType = sourcecode.swift; path = GalleryView.swift; sourceTree = "<group>"; };
		6CD397D6285A617800D59BA3 /* MainView.swift */ = {isa = PBXFileReference; lastKnownFileType = sourcecode.swift; path = MainView.swift; sourceTree = "<group>"; };
/* End PBXFileReference section */

/* Begin PBXFrameworksBuildPhase section */
		6CD3979C285A5C4E00D59BA3 /* Frameworks */ = {
			isa = PBXFrameworksBuildPhase;
			buildActionMask = 2147483647;
			files = (
			);
			runOnlyForDeploymentPostprocessing = 0;
		};
/* End PBXFrameworksBuildPhase section */

/* Begin PBXGroup section */
		6C5C4480285B5964007B8116 /* Extension */ = {
			isa = PBXGroup;
			children = (
				6C5C4481285B598D007B8116 /* CodableBundleExtension.swift */,
			);
			path = Extension;
			sourceTree = "<group>";
		};
		6C5C4483285B59A4007B8116 /* View */ = {
			isa = PBXGroup;
			children = (
				6C5C4484285B59D3007B8116 /* CoverImageView.swift */,
				6C5C448B285B8F96007B8116 /* AnimalListItemView.swift */,
				6C5C448D285B95B0007B8116 /* HeadingView.swift */,
				6C5C448F285B96D9007B8116 /* InsetGalleryView.swift */,
				6C5C4491285B9BAF007B8116 /* AnimalDetailView.swift */,
				6C5C4493285BA186007B8116 /* InsetFactView.swift */,
				6C5C4495285BA28C007B8116 /* InsetMapView.swift */,
				6C5C4497285BA48F007B8116 /* ExternalWeblinkView.swift */,
				6C5C449D285BA902007B8116 /* VideoListItemView.swift */,
				6C9BA3D3285BB65E0012CD0F /* VideoPlayerView.swift */,
				6C9BA3D7285BBC400012CD0F /* MapAnnotationView.swift */,
				6C9BA3D9285BC47C0012CD0F /* MotionAnimationView.swift */,
				6C9D68FC2860E6C00089E4B4 /* AnimalGridItemView.swift */,
				6CA14CD328620D77008AE025 /* CreditsView.swift */,
			);
			path = View;
			sourceTree = "<group>";
		};
		6C5C4486285B5A0A007B8116 /* Model */ = {
			isa = PBXGroup;
			children = (
				6C5C4487285B5A21007B8116 /* CoverImageModel.swift */,
				6C5C4489285B8F77007B8116 /* AnimalModel.swift */,
				6C5C4499285BA8BA007B8116 /* VideoModel.swift */,
				6C9BA3D5285BBC150012CD0F /* LocationModel.swift */,
			);
			path = Model;
			sourceTree = "<group>";
		};
		6C9BA3D0285BB61B0012CD0F /* Helpers */ = {
			isa = PBXGroup;
			children = (
				6C9BA3D1285BB6400012CD0F /* VideoPlayerHelper.swift */,
			);
			path = Helpers;
			sourceTree = "<group>";
		};
		6C9D69012860ECC40089E4B4 /* Stickers */ = {
			isa = PBXGroup;
			children = (
				6CA14CD528620E89008AE025 /* Stickers.entitlements */,
				6C9D69022860ECC70089E4B4 /* Stickers.xcassets */,
				6C9D69042860ECC70089E4B4 /* Info.plist */,
			);
			path = Stickers;
			sourceTree = "<group>";
		};
		6CA14CD028620CF0008AE025 /* Modifier */ = {
			isa = PBXGroup;
			children = (
				6CA14CD128620D0B008AE025 /* CenterModifier.swift */,
			);
			path = Modifier;
			sourceTree = "<group>";
		};
		6CD39796285A5C4E00D59BA3 = {
			isa = PBXGroup;
			children = (
				6CD397A1285A5C4E00D59BA3 /* Africa */,
				6C9D69012860ECC40089E4B4 /* Stickers */,
				6CD397A0285A5C4E00D59BA3 /* Products */,
			);
			sourceTree = "<group>";
		};
		6CD397A0285A5C4E00D59BA3 /* Products */ = {
			isa = PBXGroup;
			children = (
				6CD3979F285A5C4E00D59BA3 /* Africa.app */,
				6C9D69002860ECC40089E4B4 /* Stickers.appex */,
			);
			name = Products;
			sourceTree = "<group>";
		};
		6CD397A1285A5C4E00D59BA3 /* Africa */ = {
			isa = PBXGroup;
			children = (
				6CA14CD628620EE3008AE025 /* Africa.entitlements */,
				6CA14CD028620CF0008AE025 /* Modifier */,
				6C9BA3D0285BB61B0012CD0F /* Helpers */,
				6C5C4486285B5A0A007B8116 /* Model */,
				6C5C4483285B59A4007B8116 /* View */,
				6C5C4480285B5964007B8116 /* Extension */,
				6CD397CE285A600200D59BA3 /* Info.plist */,
				6CD397C5285A5E6100D59BA3 /* Data */,
				6CD397B0285A5E2200D59BA3 /* Video */,
				6CD397CF285A60A700D59BA3 /* App */,
				6CD397A6285A5C5200D59BA3 /* Assets.xcassets */,
				6CD397A8285A5C5200D59BA3 /* Preview Content */,
			);
			path = Africa;
			sourceTree = "<group>";
		};
		6CD397A8285A5C5200D59BA3 /* Preview Content */ = {
			isa = PBXGroup;
			children = (
				6CD397A9285A5C5200D59BA3 /* Preview Assets.xcassets */,
			);
			path = "Preview Content";
			sourceTree = "<group>";
		};
		6CD397B0285A5E2200D59BA3 /* Video */ = {
			isa = PBXGroup;
			children = (
				6CD397B6285A5E3700D59BA3 /* cheetah.mp4 */,
				6CD397B5285A5E3700D59BA3 /* elephant.mp4 */,
				6CD397B2285A5E3600D59BA3 /* giraffe.mp4 */,
				6CD397B4285A5E3700D59BA3 /* gorilla.mp4 */,
				6CD397B7285A5E3800D59BA3 /* hippo.mp4 */,
				6CD397B8285A5E3800D59BA3 /* lion.mp4 */,
				6CD397BA285A5E3900D59BA3 /* lioness.mp4 */,
				6CD397B9285A5E3800D59BA3 /* ostrich.mp4 */,
				6CD397B1285A5E3600D59BA3 /* rhino.mp4 */,
				6CD397B3285A5E3700D59BA3 /* zebra.mp4 */,
			);
			path = Video;
			sourceTree = "<group>";
		};
		6CD397C5285A5E6100D59BA3 /* Data */ = {
			isa = PBXGroup;
			children = (
				6CD397C7285A5E6F00D59BA3 /* animals.json */,
				6CD397C8285A5E7000D59BA3 /* covers.json */,
				6CD397C9285A5E7000D59BA3 /* locations.json */,
				6CD397C6285A5E6F00D59BA3 /* videos.json */,
			);
			path = Data;
			sourceTree = "<group>";
		};
		6CD397CF285A60A700D59BA3 /* App */ = {
			isa = PBXGroup;
			children = (
				6CD397A2285A5C4E00D59BA3 /* AfricaApp.swift */,
				6CD397A4285A5C4E00D59BA3 /* ContentView.swift */,
				6CD397D0285A611900D59BA3 /* VideoListView.swift */,
				6CD397D2285A613F00D59BA3 /* MapView.swift */,
				6CD397D4285A614F00D59BA3 /* GalleryView.swift */,
				6CD397D6285A617800D59BA3 /* MainView.swift */,
			);
			path = App;
			sourceTree = "<group>";
		};
/* End PBXGroup section */

/* Begin PBXNativeTarget section */
		6C9D68FF2860ECC40089E4B4 /* Stickers */ = {
			isa = PBXNativeTarget;
			buildConfigurationList = 6C9D69082860ECC70089E4B4 /* Build configuration list for PBXNativeTarget "Stickers" */;
			buildPhases = (
				6C9D68FE2860ECC40089E4B4 /* Resources */,
			);
			buildRules = (
			);
			dependencies = (
			);
			name = Stickers;
			productName = Stickers;
			productReference = 6C9D69002860ECC40089E4B4 /* Stickers.appex */;
			productType = "com.apple.product-type.app-extension.messages-sticker-pack";
		};
		6CD3979E285A5C4E00D59BA3 /* Africa */ = {
			isa = PBXNativeTarget;
			buildConfigurationList = 6CD397AD285A5C5200D59BA3 /* Build configuration list for PBXNativeTarget "Africa" */;
			buildPhases = (
				6CD3979B285A5C4E00D59BA3 /* Sources */,
				6CD3979C285A5C4E00D59BA3 /* Frameworks */,
				6CD3979D285A5C4E00D59BA3 /* Resources */,
				6C9D690B2860ECC70089E4B4 /* Embed App Extensions */,
			);
			buildRules = (
			);
			dependencies = (
				6C9D69062860ECC70089E4B4 /* PBXTargetDependency */,
			);
			name = Africa;
			productName = Africa;
			productReference = 6CD3979F285A5C4E00D59BA3 /* Africa.app */;
			productType = "com.apple.product-type.application";
		};
/* End PBXNativeTarget section */

/* Begin PBXProject section */
		6CD39797285A5C4E00D59BA3 /* Project object */ = {
			isa = PBXProject;
			attributes = {
				BuildIndependentTargetsInParallel = 1;
				LastSwiftUpdateCheck = 1340;
				LastUpgradeCheck = 1340;
				TargetAttributes = {
					6C9D68FF2860ECC40089E4B4 = {
						CreatedOnToolsVersion = 13.4.1;
					};
					6CD3979E285A5C4E00D59BA3 = {
						CreatedOnToolsVersion = 13.4.1;
					};
				};
			};
			buildConfigurationList = 6CD3979A285A5C4E00D59BA3 /* Build configuration list for PBXProject "Africa" */;
			compatibilityVersion = "Xcode 13.0";
			developmentRegion = en;
			hasScannedForEncodings = 0;
			knownRegions = (
				en,
				Base,
			);
			mainGroup = 6CD39796285A5C4E00D59BA3;
			productRefGroup = 6CD397A0285A5C4E00D59BA3 /* Products */;
			projectDirPath = "";
			projectRoot = "";
			targets = (
				6CD3979E285A5C4E00D59BA3 /* Africa */,
				6C9D68FF2860ECC40089E4B4 /* Stickers */,
			);
		};
/* End PBXProject section */

/* Begin PBXResourcesBuildPhase section */
		6C9D68FE2860ECC40089E4B4 /* Resources */ = {
			isa = PBXResourcesBuildPhase;
			buildActionMask = 2147483647;
			files = (
				6C9D69032860ECC70089E4B4 /* Stickers.xcassets in Resources */,
			);
			runOnlyForDeploymentPostprocessing = 0;
		};
		6CD3979D285A5C4E00D59BA3 /* Resources */ = {
			isa = PBXResourcesBuildPhase;
			buildActionMask = 2147483647;
			files = (
				6CD397BB285A5E3900D59BA3 /* rhino.mp4 in Resources */,
				6CD397C1285A5E3900D59BA3 /* hippo.mp4 in Resources */,
				6CD397CD285A5E7000D59BA3 /* locations.json in Resources */,
				6CD397BD285A5E3900D59BA3 /* zebra.mp4 in Resources */,
				6CD397C2285A5E3900D59BA3 /* lion.mp4 in Resources */,
				6CD397CA285A5E7000D59BA3 /* videos.json in Resources */,
				6CD397AA285A5C5200D59BA3 /* Preview Assets.xcassets in Resources */,
				6CD397BC285A5E3900D59BA3 /* giraffe.mp4 in Resources */,
				6CD397CB285A5E7000D59BA3 /* animals.json in Resources */,
				6CD397C0285A5E3900D59BA3 /* cheetah.mp4 in Resources */,
				6CD397BF285A5E3900D59BA3 /* elephant.mp4 in Resources */,
				6CD397CC285A5E7000D59BA3 /* covers.json in Resources */,
				6CD397BE285A5E3900D59BA3 /* gorilla.mp4 in Resources */,
				6CD397A7285A5C5200D59BA3 /* Assets.xcassets in Resources */,
				6CD397C3285A5E3900D59BA3 /* ostrich.mp4 in Resources */,
				6CD397C4285A5E3900D59BA3 /* lioness.mp4 in Resources */,
			);
			runOnlyForDeploymentPostprocessing = 0;
		};
/* End PBXResourcesBuildPhase section */

/* Begin PBXSourcesBuildPhase section */
		6CD3979B285A5C4E00D59BA3 /* Sources */ = {
			isa = PBXSourcesBuildPhase;
			buildActionMask = 2147483647;
			files = (
				6C5C449E285BA902007B8116 /* VideoListItemView.swift in Sources */,
				6C5C4498285BA48F007B8116 /* ExternalWeblinkView.swift in Sources */,
				6C5C448C285B8F96007B8116 /* AnimalListItemView.swift in Sources */,
				6C5C4492285B9BAF007B8116 /* AnimalDetailView.swift in Sources */,
				6CD397A5285A5C4E00D59BA3 /* ContentView.swift in Sources */,
				6C5C4494285BA186007B8116 /* InsetFactView.swift in Sources */,
				6C5C448A285B8F77007B8116 /* AnimalModel.swift in Sources */,
				6CD397D7285A617800D59BA3 /* MainView.swift in Sources */,
				6CD397D3285A613F00D59BA3 /* MapView.swift in Sources */,
				6CD397A3285A5C4E00D59BA3 /* AfricaApp.swift in Sources */,
				6C9BA3D2285BB6400012CD0F /* VideoPlayerHelper.swift in Sources */,
				6C5C4488285B5A21007B8116 /* CoverImageModel.swift in Sources */,
				6C5C4496285BA28C007B8116 /* InsetMapView.swift in Sources */,
				6CA14CD228620D0B008AE025 /* CenterModifier.swift in Sources */,
				6C9BA3D8285BBC400012CD0F /* MapAnnotationView.swift in Sources */,
				6C5C448E285B95B0007B8116 /* HeadingView.swift in Sources */,
				6C5C4485285B59D3007B8116 /* CoverImageView.swift in Sources */,
				6C5C449A285BA8BA007B8116 /* VideoModel.swift in Sources */,
				6C9BA3D6285BBC150012CD0F /* LocationModel.swift in Sources */,
				6C9D68FD2860E6C00089E4B4 /* AnimalGridItemView.swift in Sources */,
				6CD397D1285A611900D59BA3 /* VideoListView.swift in Sources */,
				6C5C4482285B598D007B8116 /* CodableBundleExtension.swift in Sources */,
				6CD397D5285A614F00D59BA3 /* GalleryView.swift in Sources */,
				6C9BA3DA285BC47C0012CD0F /* MotionAnimationView.swift in Sources */,
				6CA14CD428620D77008AE025 /* CreditsView.swift in Sources */,
				6C5C4490285B96D9007B8116 /* InsetGalleryView.swift in Sources */,
				6C9BA3D4285BB65E0012CD0F /* VideoPlayerView.swift in Sources */,
			);
			runOnlyForDeploymentPostprocessing = 0;
		};
/* End PBXSourcesBuildPhase section */

/* Begin PBXTargetDependency section */
		6C9D69062860ECC70089E4B4 /* PBXTargetDependency */ = {
			isa = PBXTargetDependency;
			platformFilter = ios;
			target = 6C9D68FF2860ECC40089E4B4 /* Stickers */;
			targetProxy = 6C9D69052860ECC70089E4B4 /* PBXContainerItemProxy */;
		};
/* End PBXTargetDependency section */

/* Begin XCBuildConfiguration section */
		6C9D69092860ECC70089E4B4 /* Debug */ = {
			isa = XCBuildConfiguration;
			buildSettings = {
				ASSETCATALOG_COMPILER_APPICON_NAME = "iMessage App Icon";
				CODE_SIGN_ENTITLEMENTS = Stickers/Stickers.entitlements;
				CODE_SIGN_STYLE = Automatic;
				CURRENT_PROJECT_VERSION = 1;
				DEVELOPMENT_TEAM = A89YPB44C2;
				GENERATE_INFOPLIST_FILE = YES;
				INFOPLIST_FILE = Stickers/Info.plist;
				INFOPLIST_KEY_CFBundleDisplayName = Africa;
				IPHONEOS_DEPLOYMENT_TARGET = 10.0;
				MARKETING_VERSION = 1.0;
				PRODUCT_BUNDLE_IDENTIFIER = com.teste.Africa.Stickers;
				PRODUCT_NAME = "$(TARGET_NAME)";
				SKIP_INSTALL = YES;
				SUPPORTS_MACCATALYST = NO;
				SWIFT_EMIT_LOC_STRINGS = YES;
				TARGETED_DEVICE_FAMILY = "1,2";
			};
			name = Debug;
		};
		6C9D690A2860ECC70089E4B4 /* Release */ = {
			isa = XCBuildConfiguration;
			buildSettings = {
				ASSETCATALOG_COMPILER_APPICON_NAME = "iMessage App Icon";
				CODE_SIGN_ENTITLEMENTS = Stickers/Stickers.entitlements;
				CODE_SIGN_STYLE = Automatic;
				CURRENT_PROJECT_VERSION = 1;
				DEVELOPMENT_TEAM = A89YPB44C2;
				GENERATE_INFOPLIST_FILE = YES;
				INFOPLIST_FILE = Stickers/Info.plist;
				INFOPLIST_KEY_CFBundleDisplayName = Africa;
				IPHONEOS_DEPLOYMENT_TARGET = 10.0;
				MARKETING_VERSION = 1.0;
				PRODUCT_BUNDLE_IDENTIFIER = com.teste.Africa.Stickers;
				PRODUCT_NAME = "$(TARGET_NAME)";
				SKIP_INSTALL = YES;
				SUPPORTS_MACCATALYST = NO;
				SWIFT_EMIT_LOC_STRINGS = YES;
				TARGETED_DEVICE_FAMILY = "1,2";
			};
			name = Release;
		};
		6CD397AB285A5C5200D59BA3 /* Debug */ = {
			isa = XCBuildConfiguration;
			buildSettings = {
				ALWAYS_SEARCH_USER_PATHS = NO;
				CLANG_ANALYZER_NONNULL = YES;
				CLANG_ANALYZER_NUMBER_OBJECT_CONVERSION = YES_AGGRESSIVE;
				CLANG_CXX_LANGUAGE_STANDARD = "gnu++17";
				CLANG_ENABLE_MODULES = YES;
				CLANG_ENABLE_OBJC_ARC = YES;
				CLANG_ENABLE_OBJC_WEAK = YES;
				CLANG_WARN_BLOCK_CAPTURE_AUTORELEASING = YES;
				CLANG_WARN_BOOL_CONVERSION = YES;
				CLANG_WARN_COMMA = YES;
				CLANG_WARN_CONSTANT_CONVERSION = YES;
				CLANG_WARN_DEPRECATED_OBJC_IMPLEMENTATIONS = YES;
				CLANG_WARN_DIRECT_OBJC_ISA_USAGE = YES_ERROR;
				CLANG_WARN_DOCUMENTATION_COMMENTS = YES;
				CLANG_WARN_EMPTY_BODY = YES;
				CLANG_WARN_ENUM_CONVERSION = YES;
				CLANG_WARN_INFINITE_RECURSION = YES;
				CLANG_WARN_INT_CONVERSION = YES;
				CLANG_WARN_NON_LITERAL_NULL_CONVERSION = YES;
				CLANG_WARN_OBJC_IMPLICIT_RETAIN_SELF = YES;
				CLANG_WARN_OBJC_LITERAL_CONVERSION = YES;
				CLANG_WARN_OBJC_ROOT_CLASS = YES_ERROR;
				CLANG_WARN_QUOTED_INCLUDE_IN_FRAMEWORK_HEADER = YES;
				CLANG_WARN_RANGE_LOOP_ANALYSIS = YES;
				CLANG_WARN_STRICT_PROTOTYPES = YES;
				CLANG_WARN_SUSPICIOUS_MOVE = YES;
				CLANG_WARN_UNGUARDED_AVAILABILITY = YES_AGGRESSIVE;
				CLANG_WARN_UNREACHABLE_CODE = YES;
				CLANG_WARN__DUPLICATE_METHOD_MATCH = YES;
				COPY_PHASE_STRIP = NO;
				DEBUG_INFORMATION_FORMAT = dwarf;
				ENABLE_STRICT_OBJC_MSGSEND = YES;
				ENABLE_TESTABILITY = YES;
				GCC_C_LANGUAGE_STANDARD = gnu11;
				GCC_DYNAMIC_NO_PIC = NO;
				GCC_NO_COMMON_BLOCKS = YES;
				GCC_OPTIMIZATION_LEVEL = 0;
				GCC_PREPROCESSOR_DEFINITIONS = (
					"DEBUG=1",
					"$(inherited)",
				);
				GCC_WARN_64_TO_32_BIT_CONVERSION = YES;
				GCC_WARN_ABOUT_RETURN_TYPE = YES_ERROR;
				GCC_WARN_UNDECLARED_SELECTOR = YES;
				GCC_WARN_UNINITIALIZED_AUTOS = YES_AGGRESSIVE;
				GCC_WARN_UNUSED_FUNCTION = YES;
				GCC_WARN_UNUSED_VARIABLE = YES;
				IPHONEOS_DEPLOYMENT_TARGET = 15.5;
				MTL_ENABLE_DEBUG_INFO = INCLUDE_SOURCE;
				MTL_FAST_MATH = YES;
				ONLY_ACTIVE_ARCH = YES;
				SDKROOT = iphoneos;
				SWIFT_ACTIVE_COMPILATION_CONDITIONS = DEBUG;
				SWIFT_OPTIMIZATION_LEVEL = "-Onone";
			};
			name = Debug;
		};
		6CD397AC285A5C5200D59BA3 /* Release */ = {
			isa = XCBuildConfiguration;
			buildSettings = {
				ALWAYS_SEARCH_USER_PATHS = NO;
				CLANG_ANALYZER_NONNULL = YES;
				CLANG_ANALYZER_NUMBER_OBJECT_CONVERSION = YES_AGGRESSIVE;
				CLANG_CXX_LANGUAGE_STANDARD = "gnu++17";
				CLANG_ENABLE_MODULES = YES;
				CLANG_ENABLE_OBJC_ARC = YES;
				CLANG_ENABLE_OBJC_WEAK = YES;
				CLANG_WARN_BLOCK_CAPTURE_AUTORELEASING = YES;
				CLANG_WARN_BOOL_CONVERSION = YES;
				CLANG_WARN_COMMA = YES;
				CLANG_WARN_CONSTANT_CONVERSION = YES;
				CLANG_WARN_DEPRECATED_OBJC_IMPLEMENTATIONS = YES;
				CLANG_WARN_DIRECT_OBJC_ISA_USAGE = YES_ERROR;
				CLANG_WARN_DOCUMENTATION_COMMENTS = YES;
				CLANG_WARN_EMPTY_BODY = YES;
				CLANG_WARN_ENUM_CONVERSION = YES;
				CLANG_WARN_INFINITE_RECURSION = YES;
				CLANG_WARN_INT_CONVERSION = YES;
				CLANG_WARN_NON_LITERAL_NULL_CONVERSION = YES;
				CLANG_WARN_OBJC_IMPLICIT_RETAIN_SELF = YES;
				CLANG_WARN_OBJC_LITERAL_CONVERSION = YES;
				CLANG_WARN_OBJC_ROOT_CLASS = YES_ERROR;
				CLANG_WARN_QUOTED_INCLUDE_IN_FRAMEWORK_HEADER = YES;
				CLANG_WARN_RANGE_LOOP_ANALYSIS = YES;
				CLANG_WARN_STRICT_PROTOTYPES = YES;
				CLANG_WARN_SUSPICIOUS_MOVE = YES;
				CLANG_WARN_UNGUARDED_AVAILABILITY = YES_AGGRESSIVE;
				CLANG_WARN_UNREACHABLE_CODE = YES;
				CLANG_WARN__DUPLICATE_METHOD_MATCH = YES;
				COPY_PHASE_STRIP = NO;
				DEBUG_INFORMATION_FORMAT = "dwarf-with-dsym";
				ENABLE_NS_ASSERTIONS = NO;
				ENABLE_STRICT_OBJC_MSGSEND = YES;
				GCC_C_LANGUAGE_STANDARD = gnu11;
				GCC_NO_COMMON_BLOCKS = YES;
				GCC_WARN_64_TO_32_BIT_CONVERSION = YES;
				GCC_WARN_ABOUT_RETURN_TYPE = YES_ERROR;
				GCC_WARN_UNDECLARED_SELECTOR = YES;
				GCC_WARN_UNINITIALIZED_AUTOS = YES_AGGRESSIVE;
				GCC_WARN_UNUSED_FUNCTION = YES;
				GCC_WARN_UNUSED_VARIABLE = YES;
				IPHONEOS_DEPLOYMENT_TARGET = 15.5;
				MTL_ENABLE_DEBUG_INFO = NO;
				MTL_FAST_MATH = YES;
				SDKROOT = iphoneos;
				SWIFT_COMPILATION_MODE = wholemodule;
				SWIFT_OPTIMIZATION_LEVEL = "-O";
				VALIDATE_PRODUCT = YES;
			};
			name = Release;
		};
		6CD397AE285A5C5200D59BA3 /* Debug */ = {
			isa = XCBuildConfiguration;
			buildSettings = {
				ASSETCATALOG_COMPILER_APPICON_NAME = AppIcon;
				ASSETCATALOG_COMPILER_GLOBAL_ACCENT_COLOR_NAME = AccentColor;
				CODE_SIGN_ENTITLEMENTS = Africa/Africa.entitlements;
				CODE_SIGN_STYLE = Automatic;
				CURRENT_PROJECT_VERSION = 1;
				DEVELOPMENT_ASSET_PATHS = "\"Africa/Preview Content\"";
				DEVELOPMENT_TEAM = A89YPB44C2;
				ENABLE_PREVIEWS = YES;
				GENERATE_INFOPLIST_FILE = YES;
				INFOPLIST_FILE = Africa/Info.plist;
				INFOPLIST_KEY_UIApplicationSceneManifest_Generation = YES;
				INFOPLIST_KEY_UIApplicationSupportsIndirectInputEvents = YES;
				INFOPLIST_KEY_UISupportedInterfaceOrientations_iPad = "UIInterfaceOrientationPortrait UIInterfaceOrientationPortraitUpsideDown UIInterfaceOrientationLandscapeLeft UIInterfaceOrientationLandscapeRight";
				INFOPLIST_KEY_UISupportedInterfaceOrientations_iPhone = "UIInterfaceOrientationPortrait UIInterfaceOrientationLandscapeLeft UIInterfaceOrientationLandscapeRight";
				INFOPLIST_KEY_UIUserInterfaceStyle = Dark;
				LD_RUNPATH_SEARCH_PATHS = (
					"$(inherited)",
					"@executable_path/Frameworks",
				);
				MARKETING_VERSION = 1.0;
				PRODUCT_BUNDLE_IDENTIFIER = com.teste.Africa;
				PRODUCT_NAME = "$(TARGET_NAME)";
				SUPPORTS_MACCATALYST = YES;
				SWIFT_EMIT_LOC_STRINGS = YES;
				SWIFT_VERSION = 5.0;
				TARGETED_DEVICE_FAMILY = "1,2";
			};
			name = Debug;
		};
		6CD397AF285A5C5200D59BA3 /* Release */ = {
			isa = XCBuildConfiguration;
			buildSettings = {
				ASSETCATALOG_COMPILER_APPICON_NAME = AppIcon;
				ASSETCATALOG_COMPILER_GLOBAL_ACCENT_COLOR_NAME = AccentColor;
				CODE_SIGN_ENTITLEMENTS = Africa/Africa.entitlements;
				CODE_SIGN_STYLE = Automatic;
				CURRENT_PROJECT_VERSION = 1;
				DEVELOPMENT_ASSET_PATHS = "\"Africa/Preview Content\"";
				DEVELOPMENT_TEAM = A89YPB44C2;
				ENABLE_PREVIEWS = YES;
				GENERATE_INFOPLIST_FILE = YES;
				INFOPLIST_FILE = Africa/Info.plist;
				INFOPLIST_KEY_UIApplicationSceneManifest_Generation = YES;
				INFOPLIST_KEY_UIApplicationSupportsIndirectInputEvents = YES;
				INFOPLIST_KEY_UISupportedInterfaceOrientations_iPad = "UIInterfaceOrientationPortrait UIInterfaceOrientationPortraitUpsideDown UIInterfaceOrientationLandscapeLeft UIInterfaceOrientationLandscapeRight";
				INFOPLIST_KEY_UISupportedInterfaceOrientations_iPhone = "UIInterfaceOrientationPortrait UIInterfaceOrientationLandscapeLeft UIInterfaceOrientationLandscapeRight";
				INFOPLIST_KEY_UIUserInterfaceStyle = Dark;
				LD_RUNPATH_SEARCH_PATHS = (
					"$(inherited)",
					"@executable_path/Frameworks",
				);
				MARKETING_VERSION = 1.0;
				PRODUCT_BUNDLE_IDENTIFIER = com.teste.Africa;
				PRODUCT_NAME = "$(TARGET_NAME)";
				SUPPORTS_MACCATALYST = YES;
				SWIFT_EMIT_LOC_STRINGS = YES;
				SWIFT_VERSION = 5.0;
				TARGETED_DEVICE_FAMILY = "1,2";
			};
			name = Release;
		};
/* End XCBuildConfiguration section */

/* Begin XCConfigurationList section */
		6C9D69082860ECC70089E4B4 /* Build configuration list for PBXNativeTarget "Stickers" */ = {
			isa = XCConfigurationList;
			buildConfigurations = (
				6C9D69092860ECC70089E4B4 /* Debug */,
				6C9D690A2860ECC70089E4B4 /* Release */,
			);
			defaultConfigurationIsVisible = 0;
			defaultConfigurationName = Release;
		};
		6CD3979A285A5C4E00D59BA3 /* Build configuration list for PBXProject "Africa" */ = {
			isa = XCConfigurationList;
			buildConfigurations = (
				6CD397AB285A5C5200D59BA3 /* Debug */,
				6CD397AC285A5C5200D59BA3 /* Release */,
			);
			defaultConfigurationIsVisible = 0;
			defaultConfigurationName = Release;
		};
		6CD397AD285A5C5200D59BA3 /* Build configuration list for PBXNativeTarget "Africa" */ = {
			isa = XCConfigurationList;
			buildConfigurations = (
				6CD397AE285A5C5200D59BA3 /* Debug */,
				6CD397AF285A5C5200D59BA3 /* Release */,
			);
			defaultConfigurationIsVisible = 0;
			defaultConfigurationName = Release;
		};
/* End XCConfigurationList section */
	};
	rootObject = 6CD39797285A5C4E00D59BA3 /* Project object */;
}
