// !$*UTF8*$!
{
	archiveVersion = 1;
	classes = {
	};
	objectVersion = 55;
	objects = {

/* Begin PBXBuildFile section */
		6C13DD05287476A000929C43 /* AvocadosView.swift in Sources */ = {isa = PBXBuildFile; fileRef = 6C13DD04287476A000929C43 /* AvocadosView.swift */; };
		6C13DD07287476CD00929C43 /* RipeningStageView.swift in Sources */ = {isa = PBXBuildFile; fileRef = 6C13DD06287476CD00929C43 /* RipeningStageView.swift */; };
		6C13DD092874770E00929C43 /* SettingsView.swift in Sources */ = {isa = PBXBuildFile; fileRef = 6C13DD082874770E00929C43 /* SettingsView.swift */; };
		6C13DD0B2874778400929C43 /* AppView.swift in Sources */ = {isa = PBXBuildFile; fileRef = 6C13DD0A2874778400929C43 /* AppView.swift */; };
		6C13DD0D2874875E00929C43 /* HeaderView.swift in Sources */ = {isa = PBXBuildFile; fileRef = 6C13DD0C2874875E00929C43 /* HeaderView.swift */; };
		6C13DD0F2874A28C00929C43 /* FactModel.swift in Sources */ = {isa = PBXBuildFile; fileRef = 6C13DD0E2874A28C00929C43 /* FactModel.swift */; };
		6C13DD112874A2A600929C43 /* HeaderModel.swift in Sources */ = {isa = PBXBuildFile; fileRef = 6C13DD102874A2A600929C43 /* HeaderModel.swift */; };
		6C13DD132874A2C700929C43 /* RecipeModel.swift in Sources */ = {isa = PBXBuildFile; fileRef = 6C13DD122874A2C700929C43 /* RecipeModel.swift */; };
		6C13DD152874A2DC00929C43 /* RipeningModel.swift in Sources */ = {isa = PBXBuildFile; fileRef = 6C13DD142874A2DC00929C43 /* RipeningModel.swift */; };
		6C13DD172874A30800929C43 /* factData.swift in Sources */ = {isa = PBXBuildFile; fileRef = 6C13DD162874A30800929C43 /* factData.swift */; };
		6C13DD192874A32300929C43 /* HeaderData.swift in Sources */ = {isa = PBXBuildFile; fileRef = 6C13DD182874A32300929C43 /* HeaderData.swift */; };
		6C13DD1B2874A33C00929C43 /* RecipesData.swift in Sources */ = {isa = PBXBuildFile; fileRef = 6C13DD1A2874A33C00929C43 /* RecipesData.swift */; };
		6C13DD1D2874A3A300929C43 /* RipeningData.swift in Sources */ = {isa = PBXBuildFile; fileRef = 6C13DD1C2874A3A300929C43 /* RipeningData.swift */; };
		6C63CC7F2873719C008DB288 /* AvocadosApp.swift in Sources */ = {isa = PBXBuildFile; fileRef = 6C63CC7E2873719C008DB288 /* AvocadosApp.swift */; };
		6C63CC812873719C008DB288 /* ContentView.swift in Sources */ = {isa = PBXBuildFile; fileRef = 6C63CC802873719C008DB288 /* ContentView.swift */; };
		6C63CC832873719F008DB288 /* Assets.xcassets in Resources */ = {isa = PBXBuildFile; fileRef = 6C63CC822873719F008DB288 /* Assets.xcassets */; };
		6C63CC862873719F008DB288 /* Preview Assets.xcassets in Resources */ = {isa = PBXBuildFile; fileRef = 6C63CC852873719F008DB288 /* Preview Assets.xcassets */; };
		6C63CC8D28737878008DB288 /* LaunchScreen.storyboard in Resources */ = {isa = PBXBuildFile; fileRef = 6C63CC8C28737878008DB288 /* LaunchScreen.storyboard */; };
		6C769ACB28785D5800EFA87F /* RipeningView.swift in Sources */ = {isa = PBXBuildFile; fileRef = 6C769ACA28785D5800EFA87F /* RipeningView.swift */; };
		6CC349D22875B8C900EE6CBE /* DishesView.swift in Sources */ = {isa = PBXBuildFile; fileRef = 6CC349D12875B8C900EE6CBE /* DishesView.swift */; };
		6CC349D42875BF3F00EE6CBE /* FactsView.swift in Sources */ = {isa = PBXBuildFile; fileRef = 6CC349D32875BF3F00EE6CBE /* FactsView.swift */; };
		6CC349D62875FFE300EE6CBE /* RecipeCookingView.swift in Sources */ = {isa = PBXBuildFile; fileRef = 6CC349D52875FFE300EE6CBE /* RecipeCookingView.swift */; };
		6CC349D82876010C00EE6CBE /* RecipeRatingView.swift in Sources */ = {isa = PBXBuildFile; fileRef = 6CC349D72876010C00EE6CBE /* RecipeRatingView.swift */; };
		6CC349DA2876020300EE6CBE /* RecipeCardView.swift in Sources */ = {isa = PBXBuildFile; fileRef = 6CC349D92876020300EE6CBE /* RecipeCardView.swift */; };
		6CC349DC28761A2F00EE6CBE /* RecipeDetailView.swift in Sources */ = {isa = PBXBuildFile; fileRef = 6CC349DB28761A2F00EE6CBE /* RecipeDetailView.swift */; };
/* End PBXBuildFile section */

/* Begin PBXFileReference section */
		6C13DD04287476A000929C43 /* AvocadosView.swift */ = {isa = PBXFileReference; lastKnownFileType = sourcecode.swift; path = AvocadosView.swift; sourceTree = "<group>"; };
		6C13DD06287476CD00929C43 /* RipeningStageView.swift */ = {isa = PBXFileReference; lastKnownFileType = sourcecode.swift; path = RipeningStageView.swift; sourceTree = "<group>"; };
		6C13DD082874770E00929C43 /* SettingsView.swift */ = {isa = PBXFileReference; lastKnownFileType = sourcecode.swift; path = SettingsView.swift; sourceTree = "<group>"; };
		6C13DD0A2874778400929C43 /* AppView.swift */ = {isa = PBXFileReference; lastKnownFileType = sourcecode.swift; path = AppView.swift; sourceTree = "<group>"; };
		6C13DD0C2874875E00929C43 /* HeaderView.swift */ = {isa = PBXFileReference; lastKnownFileType = sourcecode.swift; path = HeaderView.swift; sourceTree = "<group>"; };
		6C13DD0E2874A28C00929C43 /* FactModel.swift */ = {isa = PBXFileReference; lastKnownFileType = sourcecode.swift; path = FactModel.swift; sourceTree = "<group>"; };
		6C13DD102874A2A600929C43 /* HeaderModel.swift */ = {isa = PBXFileReference; lastKnownFileType = sourcecode.swift; path = HeaderModel.swift; sourceTree = "<group>"; };
		6C13DD122874A2C700929C43 /* RecipeModel.swift */ = {isa = PBXFileReference; lastKnownFileType = sourcecode.swift; path = RecipeModel.swift; sourceTree = "<group>"; };
		6C13DD142874A2DC00929C43 /* RipeningModel.swift */ = {isa = PBXFileReference; lastKnownFileType = sourcecode.swift; path = RipeningModel.swift; sourceTree = "<group>"; };
		6C13DD162874A30800929C43 /* factData.swift */ = {isa = PBXFileReference; lastKnownFileType = sourcecode.swift; path = factData.swift; sourceTree = "<group>"; };
		6C13DD182874A32300929C43 /* HeaderData.swift */ = {isa = PBXFileReference; lastKnownFileType = sourcecode.swift; path = HeaderData.swift; sourceTree = "<group>"; };
		6C13DD1A2874A33C00929C43 /* RecipesData.swift */ = {isa = PBXFileReference; lastKnownFileType = sourcecode.swift; path = RecipesData.swift; sourceTree = "<group>"; };
		6C13DD1C2874A3A300929C43 /* RipeningData.swift */ = {isa = PBXFileReference; lastKnownFileType = sourcecode.swift; path = RipeningData.swift; sourceTree = "<group>"; };
		6C63CC7B2873719C008DB288 /* Avocados.app */ = {isa = PBXFileReference; explicitFileType = wrapper.application; includeInIndex = 0; path = Avocados.app; sourceTree = BUILT_PRODUCTS_DIR; };
		6C63CC7E2873719C008DB288 /* AvocadosApp.swift */ = {isa = PBXFileReference; lastKnownFileType = sourcecode.swift; path = AvocadosApp.swift; sourceTree = "<group>"; };
		6C63CC802873719C008DB288 /* ContentView.swift */ = {isa = PBXFileReference; lastKnownFileType = sourcecode.swift; path = ContentView.swift; sourceTree = "<group>"; };
		6C63CC822873719F008DB288 /* Assets.xcassets */ = {isa = PBXFileReference; lastKnownFileType = folder.assetcatalog; path = Assets.xcassets; sourceTree = "<group>"; };
		6C63CC852873719F008DB288 /* Preview Assets.xcassets */ = {isa = PBXFileReference; lastKnownFileType = folder.assetcatalog; path = "Preview Assets.xcassets"; sourceTree = "<group>"; };
		6C63CC8C28737878008DB288 /* LaunchScreen.storyboard */ = {isa = PBXFileReference; lastKnownFileType = file.storyboard; path = LaunchScreen.storyboard; sourceTree = "<group>"; };
		6C63CC8E28737A83008DB288 /* Info.plist */ = {isa = PBXFileReference; lastKnownFileType = text.plist; path = Info.plist; sourceTree = "<group>"; };
		6C769ACA28785D5800EFA87F /* RipeningView.swift */ = {isa = PBXFileReference; lastKnownFileType = sourcecode.swift; path = RipeningView.swift; sourceTree = "<group>"; };
		6CC349D12875B8C900EE6CBE /* DishesView.swift */ = {isa = PBXFileReference; lastKnownFileType = sourcecode.swift; path = DishesView.swift; sourceTree = "<group>"; };
		6CC349D32875BF3F00EE6CBE /* FactsView.swift */ = {isa = PBXFileReference; lastKnownFileType = sourcecode.swift; path = FactsView.swift; sourceTree = "<group>"; };
		6CC349D52875FFE300EE6CBE /* RecipeCookingView.swift */ = {isa = PBXFileReference; lastKnownFileType = sourcecode.swift; path = RecipeCookingView.swift; sourceTree = "<group>"; };
		6CC349D72876010C00EE6CBE /* RecipeRatingView.swift */ = {isa = PBXFileReference; lastKnownFileType = sourcecode.swift; path = RecipeRatingView.swift; sourceTree = "<group>"; };
		6CC349D92876020300EE6CBE /* RecipeCardView.swift */ = {isa = PBXFileReference; lastKnownFileType = sourcecode.swift; path = RecipeCardView.swift; sourceTree = "<group>"; };
		6CC349DB28761A2F00EE6CBE /* RecipeDetailView.swift */ = {isa = PBXFileReference; lastKnownFileType = sourcecode.swift; path = RecipeDetailView.swift; sourceTree = "<group>"; };
/* End PBXFileReference section */

/* Begin PBXFrameworksBuildPhase section */
		6C63CC782873719C008DB288 /* Frameworks */ = {
			isa = PBXFrameworksBuildPhase;
			buildActionMask = 2147483647;
			files = (
			);
			runOnlyForDeploymentPostprocessing = 0;
		};
/* End PBXFrameworksBuildPhase section */

/* Begin PBXGroup section */
		6C13DCFF2874747F00929C43 /* View */ = {
			isa = PBXGroup;
			children = (
				6C63CC802873719C008DB288 /* ContentView.swift */,
				6C13DD04287476A000929C43 /* AvocadosView.swift */,
				6C13DD06287476CD00929C43 /* RipeningStageView.swift */,
				6C13DD082874770E00929C43 /* SettingsView.swift */,
				6C13DD0A2874778400929C43 /* AppView.swift */,
				6C13DD0C2874875E00929C43 /* HeaderView.swift */,
				6CC349D12875B8C900EE6CBE /* DishesView.swift */,
				6CC349D32875BF3F00EE6CBE /* FactsView.swift */,
				6CC349D52875FFE300EE6CBE /* RecipeCookingView.swift */,
				6CC349D72876010C00EE6CBE /* RecipeRatingView.swift */,
				6CC349D92876020300EE6CBE /* RecipeCardView.swift */,
				6CC349DB28761A2F00EE6CBE /* RecipeDetailView.swift */,
				6C769ACA28785D5800EFA87F /* RipeningView.swift */,
			);
			path = View;
			sourceTree = "<group>";
		};
		6C13DD002874748D00929C43 /* Data */ = {
			isa = PBXGroup;
			children = (
				6C13DD162874A30800929C43 /* factData.swift */,
				6C13DD182874A32300929C43 /* HeaderData.swift */,
				6C13DD1A2874A33C00929C43 /* RecipesData.swift */,
				6C13DD1C2874A3A300929C43 /* RipeningData.swift */,
			);
			path = Data;
			sourceTree = "<group>";
		};
		6C13DD012874749500929C43 /* Model */ = {
			isa = PBXGroup;
			children = (
				6C13DD0E2874A28C00929C43 /* FactModel.swift */,
				6C13DD102874A2A600929C43 /* HeaderModel.swift */,
				6C13DD122874A2C700929C43 /* RecipeModel.swift */,
				6C13DD142874A2DC00929C43 /* RipeningModel.swift */,
			);
			path = Model;
			sourceTree = "<group>";
		};
		6C63CC722873719C008DB288 = {
			isa = PBXGroup;
			children = (
				6C63CC7D2873719C008DB288 /* Avocados */,
				6C63CC7C2873719C008DB288 /* Products */,
			);
			sourceTree = "<group>";
		};
		6C63CC7C2873719C008DB288 /* Products */ = {
			isa = PBXGroup;
			children = (
				6C63CC7B2873719C008DB288 /* Avocados.app */,
			);
			name = Products;
			sourceTree = "<group>";
		};
		6C63CC7D2873719C008DB288 /* Avocados */ = {
			isa = PBXGroup;
			children = (
				6C13DD012874749500929C43 /* Model */,
				6C13DD002874748D00929C43 /* Data */,
				6C13DCFF2874747F00929C43 /* View */,
				6C63CC8E28737A83008DB288 /* Info.plist */,
				6C63CC7E2873719C008DB288 /* AvocadosApp.swift */,
				6C63CC822873719F008DB288 /* Assets.xcassets */,
				6C63CC8C28737878008DB288 /* LaunchScreen.storyboard */,
				6C63CC842873719F008DB288 /* Preview Content */,
			);
			path = Avocados;
			sourceTree = "<group>";
		};
		6C63CC842873719F008DB288 /* Preview Content */ = {
			isa = PBXGroup;
			children = (
				6C63CC852873719F008DB288 /* Preview Assets.xcassets */,
			);
			path = "Preview Content";
			sourceTree = "<group>";
		};
/* End PBXGroup section */

/* Begin PBXNativeTarget section */
		6C63CC7A2873719C008DB288 /* Avocados */ = {
			isa = PBXNativeTarget;
			buildConfigurationList = 6C63CC892873719F008DB288 /* Build configuration list for PBXNativeTarget "Avocados" */;
			buildPhases = (
				6C63CC772873719C008DB288 /* Sources */,
				6C63CC782873719C008DB288 /* Frameworks */,
				6C63CC792873719C008DB288 /* Resources */,
			);
			buildRules = (
			);
			dependencies = (
			);
			name = Avocados;
			productName = Avocados;
			productReference = 6C63CC7B2873719C008DB288 /* Avocados.app */;
			productType = "com.apple.product-type.application";
		};
/* End PBXNativeTarget section */

/* Begin PBXProject section */
		6C63CC732873719C008DB288 /* Project object */ = {
			isa = PBXProject;
			attributes = {
				BuildIndependentTargetsInParallel = 1;
				LastSwiftUpdateCheck = 1340;
				LastUpgradeCheck = 1340;
				TargetAttributes = {
					6C63CC7A2873719C008DB288 = {
						CreatedOnToolsVersion = 13.4.1;
					};
				};
			};
			buildConfigurationList = 6C63CC762873719C008DB288 /* Build configuration list for PBXProject "Avocados" */;
			compatibilityVersion = "Xcode 13.0";
			developmentRegion = en;
			hasScannedForEncodings = 0;
			knownRegions = (
				en,
				Base,
			);
			mainGroup = 6C63CC722873719C008DB288;
			productRefGroup = 6C63CC7C2873719C008DB288 /* Products */;
			projectDirPath = "";
			projectRoot = "";
			targets = (
				6C63CC7A2873719C008DB288 /* Avocados */,
			);
		};
/* End PBXProject section */

/* Begin PBXResourcesBuildPhase section */
		6C63CC792873719C008DB288 /* Resources */ = {
			isa = PBXResourcesBuildPhase;
			buildActionMask = 2147483647;
			files = (
				6C63CC8D28737878008DB288 /* LaunchScreen.storyboard in Resources */,
				6C63CC862873719F008DB288 /* Preview Assets.xcassets in Resources */,
				6C63CC832873719F008DB288 /* Assets.xcassets in Resources */,
			);
			runOnlyForDeploymentPostprocessing = 0;
		};
/* End PBXResourcesBuildPhase section */

/* Begin PBXSourcesBuildPhase section */
		6C63CC772873719C008DB288 /* Sources */ = {
			isa = PBXSourcesBuildPhase;
			buildActionMask = 2147483647;
			files = (
				6C13DD092874770E00929C43 /* SettingsView.swift in Sources */,
				6CC349D42875BF3F00EE6CBE /* FactsView.swift in Sources */,
				6C769ACB28785D5800EFA87F /* RipeningView.swift in Sources */,
				6C13DD172874A30800929C43 /* factData.swift in Sources */,
				6C13DD112874A2A600929C43 /* HeaderModel.swift in Sources */,
				6C13DD1B2874A33C00929C43 /* RecipesData.swift in Sources */,
				6C13DD0F2874A28C00929C43 /* FactModel.swift in Sources */,
				6C63CC812873719C008DB288 /* ContentView.swift in Sources */,
				6CC349DC28761A2F00EE6CBE /* RecipeDetailView.swift in Sources */,
				6CC349D22875B8C900EE6CBE /* DishesView.swift in Sources */,
				6C13DD0B2874778400929C43 /* AppView.swift in Sources */,
				6C13DD07287476CD00929C43 /* RipeningStageView.swift in Sources */,
				6C13DD152874A2DC00929C43 /* RipeningModel.swift in Sources */,
				6CC349D62875FFE300EE6CBE /* RecipeCookingView.swift in Sources */,
				6CC349D82876010C00EE6CBE /* RecipeRatingView.swift in Sources */,
				6C13DD1D2874A3A300929C43 /* RipeningData.swift in Sources */,
				6C13DD192874A32300929C43 /* HeaderData.swift in Sources */,
				6C63CC7F2873719C008DB288 /* AvocadosApp.swift in Sources */,
				6CC349DA2876020300EE6CBE /* RecipeCardView.swift in Sources */,
				6C13DD132874A2C700929C43 /* RecipeModel.swift in Sources */,
				6C13DD05287476A000929C43 /* AvocadosView.swift in Sources */,
				6C13DD0D2874875E00929C43 /* HeaderView.swift in Sources */,
			);
			runOnlyForDeploymentPostprocessing = 0;
		};
/* End PBXSourcesBuildPhase section */

/* Begin XCBuildConfiguration section */
		6C63CC872873719F008DB288 /* Debug */ = {
			isa = XCBuildConfiguration;
			buildSettings = {
				ALWAYS_SEARCH_USER_PATHS = NO;
				CLANG_ANALYZER_NONNULL = YES;
				CLANG_ANALYZER_NUMBER_OBJECT_CONVERSION = YES_AGGRESSIVE;
				CLANG_CXX_LANGUAGE_STANDARD = "gnu++17";
				CLANG_ENABLE_MODULES = YES;
				CLANG_ENABLE_OBJC_ARC = YES;
				CLANG_ENABLE_OBJC_WEAK = YES;
				CLANG_WARN_BLOCK_CAPTURE_AUTORELEASING = YES;
				CLANG_WARN_BOOL_CONVERSION = YES;
				CLANG_WARN_COMMA = YES;
				CLANG_WARN_CONSTANT_CONVERSION = YES;
				CLANG_WARN_DEPRECATED_OBJC_IMPLEMENTATIONS = YES;
				CLANG_WARN_DIRECT_OBJC_ISA_USAGE = YES_ERROR;
				CLANG_WARN_DOCUMENTATION_COMMENTS = YES;
				CLANG_WARN_EMPTY_BODY = YES;
				CLANG_WARN_ENUM_CONVERSION = YES;
				CLANG_WARN_INFINITE_RECURSION = YES;
				CLANG_WARN_INT_CONVERSION = YES;
				CLANG_WARN_NON_LITERAL_NULL_CONVERSION = YES;
				CLANG_WARN_OBJC_IMPLICIT_RETAIN_SELF = YES;
				CLANG_WARN_OBJC_LITERAL_CONVERSION = YES;
				CLANG_WARN_OBJC_ROOT_CLASS = YES_ERROR;
				CLANG_WARN_QUOTED_INCLUDE_IN_FRAMEWORK_HEADER = YES;
				CLANG_WARN_RANGE_LOOP_ANALYSIS = YES;
				CLANG_WARN_STRICT_PROTOTYPES = YES;
				CLANG_WARN_SUSPICIOUS_MOVE = YES;
				CLANG_WARN_UNGUARDED_AVAILABILITY = YES_AGGRESSIVE;
				CLANG_WARN_UNREACHABLE_CODE = YES;
				CLANG_WARN__DUPLICATE_METHOD_MATCH = YES;
				COPY_PHASE_STRIP = NO;
				DEBUG_INFORMATION_FORMAT = dwarf;
				ENABLE_STRICT_OBJC_MSGSEND = YES;
				ENABLE_TESTABILITY = YES;
				GCC_C_LANGUAGE_STANDARD = gnu11;
				GCC_DYNAMIC_NO_PIC = NO;
				GCC_NO_COMMON_BLOCKS = YES;
				GCC_OPTIMIZATION_LEVEL = 0;
				GCC_PREPROCESSOR_DEFINITIONS = (
					"DEBUG=1",
					"$(inherited)",
				);
				GCC_WARN_64_TO_32_BIT_CONVERSION = YES;
				GCC_WARN_ABOUT_RETURN_TYPE = YES_ERROR;
				GCC_WARN_UNDECLARED_SELECTOR = YES;
				GCC_WARN_UNINITIALIZED_AUTOS = YES_AGGRESSIVE;
				GCC_WARN_UNUSED_FUNCTION = YES;
				GCC_WARN_UNUSED_VARIABLE = YES;
				IPHONEOS_DEPLOYMENT_TARGET = 15.5;
				MTL_ENABLE_DEBUG_INFO = INCLUDE_SOURCE;
				MTL_FAST_MATH = YES;
				ONLY_ACTIVE_ARCH = YES;
				SDKROOT = iphoneos;
				SWIFT_ACTIVE_COMPILATION_CONDITIONS = DEBUG;
				SWIFT_OPTIMIZATION_LEVEL = "-Onone";
			};
			name = Debug;
		};
		6C63CC882873719F008DB288 /* Release */ = {
			isa = XCBuildConfiguration;
			buildSettings = {
				ALWAYS_SEARCH_USER_PATHS = NO;
				CLANG_ANALYZER_NONNULL = YES;
				CLANG_ANALYZER_NUMBER_OBJECT_CONVERSION = YES_AGGRESSIVE;
				CLANG_CXX_LANGUAGE_STANDARD = "gnu++17";
				CLANG_ENABLE_MODULES = YES;
				CLANG_ENABLE_OBJC_ARC = YES;
				CLANG_ENABLE_OBJC_WEAK = YES;
				CLANG_WARN_BLOCK_CAPTURE_AUTORELEASING = YES;
				CLANG_WARN_BOOL_CONVERSION = YES;
				CLANG_WARN_COMMA = YES;
				CLANG_WARN_CONSTANT_CONVERSION = YES;
				CLANG_WARN_DEPRECATED_OBJC_IMPLEMENTATIONS = YES;
				CLANG_WARN_DIRECT_OBJC_ISA_USAGE = YES_ERROR;
				CLANG_WARN_DOCUMENTATION_COMMENTS = YES;
				CLANG_WARN_EMPTY_BODY = YES;
				CLANG_WARN_ENUM_CONVERSION = YES;
				CLANG_WARN_INFINITE_RECURSION = YES;
				CLANG_WARN_INT_CONVERSION = YES;
				CLANG_WARN_NON_LITERAL_NULL_CONVERSION = YES;
				CLANG_WARN_OBJC_IMPLICIT_RETAIN_SELF = YES;
				CLANG_WARN_OBJC_LITERAL_CONVERSION = YES;
				CLANG_WARN_OBJC_ROOT_CLASS = YES_ERROR;
				CLANG_WARN_QUOTED_INCLUDE_IN_FRAMEWORK_HEADER = YES;
				CLANG_WARN_RANGE_LOOP_ANALYSIS = YES;
				CLANG_WARN_STRICT_PROTOTYPES = YES;
				CLANG_WARN_SUSPICIOUS_MOVE = YES;
				CLANG_WARN_UNGUARDED_AVAILABILITY = YES_AGGRESSIVE;
				CLANG_WARN_UNREACHABLE_CODE = YES;
				CLANG_WARN__DUPLICATE_METHOD_MATCH = YES;
				COPY_PHASE_STRIP = NO;
				DEBUG_INFORMATION_FORMAT = "dwarf-with-dsym";
				ENABLE_NS_ASSERTIONS = NO;
				ENABLE_STRICT_OBJC_MSGSEND = YES;
				GCC_C_LANGUAGE_STANDARD = gnu11;
				GCC_NO_COMMON_BLOCKS = YES;
				GCC_WARN_64_TO_32_BIT_CONVERSION = YES;
				GCC_WARN_ABOUT_RETURN_TYPE = YES_ERROR;
				GCC_WARN_UNDECLARED_SELECTOR = YES;
				GCC_WARN_UNINITIALIZED_AUTOS = YES_AGGRESSIVE;
				GCC_WARN_UNUSED_FUNCTION = YES;
				GCC_WARN_UNUSED_VARIABLE = YES;
				IPHONEOS_DEPLOYMENT_TARGET = 15.5;
				MTL_ENABLE_DEBUG_INFO = NO;
				MTL_FAST_MATH = YES;
				SDKROOT = iphoneos;
				SWIFT_COMPILATION_MODE = wholemodule;
				SWIFT_OPTIMIZATION_LEVEL = "-O";
				VALIDATE_PRODUCT = YES;
			};
			name = Release;
		};
		6C63CC8A2873719F008DB288 /* Debug */ = {
			isa = XCBuildConfiguration;
			buildSettings = {
				ASSETCATALOG_COMPILER_APPICON_NAME = AppIcon;
				ASSETCATALOG_COMPILER_GLOBAL_ACCENT_COLOR_NAME = AccentColor;
				CODE_SIGN_STYLE = Automatic;
				CURRENT_PROJECT_VERSION = 1;
				DEVELOPMENT_ASSET_PATHS = "\"Avocados/Preview Content\"";
				DEVELOPMENT_TEAM = A89YPB44C2;
				ENABLE_PREVIEWS = YES;
				GENERATE_INFOPLIST_FILE = YES;
				INFOPLIST_FILE = Avocados/Info.plist;
				INFOPLIST_KEY_UIApplicationSceneManifest_Generation = YES;
				INFOPLIST_KEY_UIApplicationSupportsIndirectInputEvents = YES;
				INFOPLIST_KEY_UISupportedInterfaceOrientations = UIInterfaceOrientationPortrait;
				INFOPLIST_KEY_UISupportedInterfaceOrientations_iPad = "UIInterfaceOrientationPortrait UIInterfaceOrientationPortraitUpsideDown UIInterfaceOrientationLandscapeLeft UIInterfaceOrientationLandscapeRight";
				INFOPLIST_KEY_UISupportedInterfaceOrientations_iPhone = "UIInterfaceOrientationPortrait UIInterfaceOrientationLandscapeLeft UIInterfaceOrientationLandscapeRight";
				LD_RUNPATH_SEARCH_PATHS = (
					"$(inherited)",
					"@executable_path/Frameworks",
				);
				MARKETING_VERSION = 1.0;
				PRODUCT_BUNDLE_IDENTIFIER = com.teste.Avocados;
				PRODUCT_NAME = "$(TARGET_NAME)";
				SWIFT_EMIT_LOC_STRINGS = YES;
				SWIFT_VERSION = 5.0;
				TARGETED_DEVICE_FAMILY = "1,2";
			};
			name = Debug;
		};
		6C63CC8B2873719F008DB288 /* Release */ = {
			isa = XCBuildConfiguration;
			buildSettings = {
				ASSETCATALOG_COMPILER_APPICON_NAME = AppIcon;
				ASSETCATALOG_COMPILER_GLOBAL_ACCENT_COLOR_NAME = AccentColor;
				CODE_SIGN_STYLE = Automatic;
				CURRENT_PROJECT_VERSION = 1;
				DEVELOPMENT_ASSET_PATHS = "\"Avocados/Preview Content\"";
				DEVELOPMENT_TEAM = A89YPB44C2;
				ENABLE_PREVIEWS = YES;
				GENERATE_INFOPLIST_FILE = YES;
				INFOPLIST_FILE = Avocados/Info.plist;
				INFOPLIST_KEY_UIApplicationSceneManifest_Generation = YES;
				INFOPLIST_KEY_UIApplicationSupportsIndirectInputEvents = YES;
				INFOPLIST_KEY_UISupportedInterfaceOrientations = UIInterfaceOrientationPortrait;
				INFOPLIST_KEY_UISupportedInterfaceOrientations_iPad = "UIInterfaceOrientationPortrait UIInterfaceOrientationPortraitUpsideDown UIInterfaceOrientationLandscapeLeft UIInterfaceOrientationLandscapeRight";
				INFOPLIST_KEY_UISupportedInterfaceOrientations_iPhone = "UIInterfaceOrientationPortrait UIInterfaceOrientationLandscapeLeft UIInterfaceOrientationLandscapeRight";
				LD_RUNPATH_SEARCH_PATHS = (
					"$(inherited)",
					"@executable_path/Frameworks",
				);
				MARKETING_VERSION = 1.0;
				PRODUCT_BUNDLE_IDENTIFIER = com.teste.Avocados;
				PRODUCT_NAME = "$(TARGET_NAME)";
				SWIFT_EMIT_LOC_STRINGS = YES;
				SWIFT_VERSION = 5.0;
				TARGETED_DEVICE_FAMILY = "1,2";
			};
			name = Release;
		};
/* End XCBuildConfiguration section */

/* Begin XCConfigurationList section */
		6C63CC762873719C008DB288 /* Build configuration list for PBXProject "Avocados" */ = {
			isa = XCConfigurationList;
			buildConfigurations = (
				6C63CC872873719F008DB288 /* Debug */,
				6C63CC882873719F008DB288 /* Release */,
			);
			defaultConfigurationIsVisible = 0;
			defaultConfigurationName = Release;
		};
		6C63CC892873719F008DB288 /* Build configuration list for PBXNativeTarget "Avocados" */ = {
			isa = XCConfigurationList;
			buildConfigurations = (
				6C63CC8A2873719F008DB288 /* Debug */,
				6C63CC8B2873719F008DB288 /* Release */,
			);
			defaultConfigurationIsVisible = 0;
			defaultConfigurationName = Release;
		};
/* End XCConfigurationList section */
	};
	rootObject = 6C63CC732873719C008DB288 /* Project object */;
}
